// !$*UTF8*$!
{
	archiveVersion = 1;
	classes = {
	};
	objectVersion = 56;
	objects = {

/* Begin PBXBuildFile section */
		EE041C202B8A6164002549C0 /* HomeViewController.swift in Sources */ = {isa = PBXBuildFile; fileRef = EE041C1F2B8A6164002549C0 /* HomeViewController.swift */; };
		EE041C222B8A6913002549C0 /* Errors.swift in Sources */ = {isa = PBXBuildFile; fileRef = EE041C212B8A6913002549C0 /* Errors.swift */; };
		EED507702B8A408E00FF9718 /* AppDelegate.swift in Sources */ = {isa = PBXBuildFile; fileRef = EED5076F2B8A408E00FF9718 /* AppDelegate.swift */; };
		EED507722B8A408E00FF9718 /* SceneDelegate.swift in Sources */ = {isa = PBXBuildFile; fileRef = EED507712B8A408E00FF9718 /* SceneDelegate.swift */; };
		EED507772B8A408E00FF9718 /* Main.storyboard in Resources */ = {isa = PBXBuildFile; fileRef = EED507752B8A408E00FF9718 /* Main.storyboard */; };
		EED507792B8A409100FF9718 /* Assets.xcassets in Resources */ = {isa = PBXBuildFile; fileRef = EED507782B8A409100FF9718 /* Assets.xcassets */; };
		EED5077C2B8A409100FF9718 /* LaunchScreen.storyboard in Resources */ = {isa = PBXBuildFile; fileRef = EED5077A2B8A409100FF9718 /* LaunchScreen.storyboard */; };
		EED507852B8A41DF00FF9718 /* FirebaseAuth in Frameworks */ = {isa = PBXBuildFile; productRef = EED507842B8A41DF00FF9718 /* FirebaseAuth */; };
		EED507872B8A41DF00FF9718 /* FirebaseFirestore in Frameworks */ = {isa = PBXBuildFile; productRef = EED507862B8A41DF00FF9718 /* FirebaseFirestore */; };
		EED507D32B8A48DB00FF9718 /* User.swift in Sources */ = {isa = PBXBuildFile; fileRef = EED507D22B8A48DB00FF9718 /* User.swift */; };
		EED507D52B8A492800FF9718 /* Message.swift in Sources */ = {isa = PBXBuildFile; fileRef = EED507D42B8A492800FF9718 /* Message.swift */; };
		EED507D72B8A49AE00FF9718 /* DifusionList.swift in Sources */ = {isa = PBXBuildFile; fileRef = EED507D62B8A49AE00FF9718 /* DifusionList.swift */; };
		EED507DC2B8A4DAE00FF9718 /* LoginViewController.swift in Sources */ = {isa = PBXBuildFile; fileRef = EED507DB2B8A4DAE00FF9718 /* LoginViewController.swift */; };
		EED507DE2B8A4DBE00FF9718 /* RegisterViewController.swift in Sources */ = {isa = PBXBuildFile; fileRef = EED507DD2B8A4DBE00FF9718 /* RegisterViewController.swift */; };
		EED507E42B8A4E0B00FF9718 /* NewMessageViewController.swift in Sources */ = {isa = PBXBuildFile; fileRef = EED507E32B8A4E0B00FF9718 /* NewMessageViewController.swift */; };
		EED507E62B8A4E1500FF9718 /* ProfileViewController.swift in Sources */ = {isa = PBXBuildFile; fileRef = EED507E52B8A4E1500FF9718 /* ProfileViewController.swift */; };
		EED507E82B8A4FC800FF9718 /* GoogleService-Info.plist in Resources */ = {isa = PBXBuildFile; fileRef = EED507E72B8A4FC800FF9718 /* GoogleService-Info.plist */; };
		EED507EA2B8A508F00FF9718 /* FirebaseAnalytics in Frameworks */ = {isa = PBXBuildFile; productRef = EED507E92B8A508F00FF9718 /* FirebaseAnalytics */; };
		EED507EC2B8A508F00FF9718 /* FirebaseAnalyticsOnDeviceConversion in Frameworks */ = {isa = PBXBuildFile; productRef = EED507EB2B8A508F00FF9718 /* FirebaseAnalyticsOnDeviceConversion */; };
		EED507EE2B8A508F00FF9718 /* FirebaseAnalyticsSwift in Frameworks */ = {isa = PBXBuildFile; productRef = EED507ED2B8A508F00FF9718 /* FirebaseAnalyticsSwift */; };
		EED507F02B8A508F00FF9718 /* FirebaseAppDistribution-Beta in Frameworks */ = {isa = PBXBuildFile; productRef = EED507EF2B8A508F00FF9718 /* FirebaseAppDistribution-Beta */; };
		EED507F22B8A508F00FF9718 /* FirebaseAuth in Frameworks */ = {isa = PBXBuildFile; productRef = EED507F12B8A508F00FF9718 /* FirebaseAuth */; };
		EED507F42B8A508F00FF9718 /* FirebaseAuthCombine-Community in Frameworks */ = {isa = PBXBuildFile; productRef = EED507F32B8A508F00FF9718 /* FirebaseAuthCombine-Community */; };
		EED507F62B8A508F00FF9718 /* FirebaseCrashlytics in Frameworks */ = {isa = PBXBuildFile; productRef = EED507F52B8A508F00FF9718 /* FirebaseCrashlytics */; };
		EED507F82B8A508F00FF9718 /* FirebaseDatabase in Frameworks */ = {isa = PBXBuildFile; productRef = EED507F72B8A508F00FF9718 /* FirebaseDatabase */; };
		EED507FA2B8A508F00FF9718 /* FirebaseDatabaseSwift in Frameworks */ = {isa = PBXBuildFile; productRef = EED507F92B8A508F00FF9718 /* FirebaseDatabaseSwift */; };
		EED507FC2B8A508F00FF9718 /* FirebaseDynamicLinks in Frameworks */ = {isa = PBXBuildFile; productRef = EED507FB2B8A508F00FF9718 /* FirebaseDynamicLinks */; };
		EED507FE2B8A508F00FF9718 /* FirebaseFirestore in Frameworks */ = {isa = PBXBuildFile; productRef = EED507FD2B8A508F00FF9718 /* FirebaseFirestore */; };
		EED508002B8A508F00FF9718 /* FirebaseFirestoreCombine-Community in Frameworks */ = {isa = PBXBuildFile; productRef = EED507FF2B8A508F00FF9718 /* FirebaseFirestoreCombine-Community */; };
		EED508022B8A508F00FF9718 /* FirebaseFirestoreSwift in Frameworks */ = {isa = PBXBuildFile; productRef = EED508012B8A508F00FF9718 /* FirebaseFirestoreSwift */; };
		EED508042B8A515D00FF9718 /* InitAppViewController.swift in Sources */ = {isa = PBXBuildFile; fileRef = EED508032B8A515D00FF9718 /* InitAppViewController.swift */; };
		EED508062B8A5D2E00FF9718 /* FirebaseManager.swift in Sources */ = {isa = PBXBuildFile; fileRef = EED508052B8A5D2E00FF9718 /* FirebaseManager.swift */; };
/* End PBXBuildFile section */

/* Begin PBXFileReference section */
		EE041C1F2B8A6164002549C0 /* HomeViewController.swift */ = {isa = PBXFileReference; lastKnownFileType = sourcecode.swift; path = HomeViewController.swift; sourceTree = "<group>"; };
		EE041C212B8A6913002549C0 /* Errors.swift */ = {isa = PBXFileReference; lastKnownFileType = sourcecode.swift; path = Errors.swift; sourceTree = "<group>"; };
		EED5076C2B8A408E00FF9718 /* Prueba Tecnica iOS.app */ = {isa = PBXFileReference; explicitFileType = wrapper.application; includeInIndex = 0; path = "Prueba Tecnica iOS.app"; sourceTree = BUILT_PRODUCTS_DIR; };
		EED5076F2B8A408E00FF9718 /* AppDelegate.swift */ = {isa = PBXFileReference; lastKnownFileType = sourcecode.swift; path = AppDelegate.swift; sourceTree = "<group>"; };
		EED507712B8A408E00FF9718 /* SceneDelegate.swift */ = {isa = PBXFileReference; lastKnownFileType = sourcecode.swift; path = SceneDelegate.swift; sourceTree = "<group>"; };
		EED507762B8A408E00FF9718 /* Base */ = {isa = PBXFileReference; lastKnownFileType = file.storyboard; name = Base; path = Base.lproj/Main.storyboard; sourceTree = "<group>"; };
		EED507782B8A409100FF9718 /* Assets.xcassets */ = {isa = PBXFileReference; lastKnownFileType = folder.assetcatalog; path = Assets.xcassets; sourceTree = "<group>"; };
		EED5077B2B8A409100FF9718 /* Base */ = {isa = PBXFileReference; lastKnownFileType = file.storyboard; name = Base; path = Base.lproj/LaunchScreen.storyboard; sourceTree = "<group>"; };
		EED5077D2B8A409100FF9718 /* Info.plist */ = {isa = PBXFileReference; lastKnownFileType = text.plist.xml; path = Info.plist; sourceTree = "<group>"; };
		EED507D22B8A48DB00FF9718 /* User.swift */ = {isa = PBXFileReference; lastKnownFileType = sourcecode.swift; path = User.swift; sourceTree = "<group>"; };
		EED507D42B8A492800FF9718 /* Message.swift */ = {isa = PBXFileReference; lastKnownFileType = sourcecode.swift; path = Message.swift; sourceTree = "<group>"; };
		EED507D62B8A49AE00FF9718 /* DifusionList.swift */ = {isa = PBXFileReference; lastKnownFileType = sourcecode.swift; path = DifusionList.swift; sourceTree = "<group>"; };
		EED507DB2B8A4DAE00FF9718 /* LoginViewController.swift */ = {isa = PBXFileReference; lastKnownFileType = sourcecode.swift; path = LoginViewController.swift; sourceTree = "<group>"; };
		EED507DD2B8A4DBE00FF9718 /* RegisterViewController.swift */ = {isa = PBXFileReference; lastKnownFileType = sourcecode.swift; path = RegisterViewController.swift; sourceTree = "<group>"; };
		EED507E32B8A4E0B00FF9718 /* NewMessageViewController.swift */ = {isa = PBXFileReference; lastKnownFileType = sourcecode.swift; path = NewMessageViewController.swift; sourceTree = "<group>"; };
		EED507E52B8A4E1500FF9718 /* ProfileViewController.swift */ = {isa = PBXFileReference; lastKnownFileType = sourcecode.swift; path = ProfileViewController.swift; sourceTree = "<group>"; };
		EED507E72B8A4FC800FF9718 /* GoogleService-Info.plist */ = {isa = PBXFileReference; fileEncoding = 4; lastKnownFileType = text.plist.xml; path = "GoogleService-Info.plist"; sourceTree = "<group>"; };
		EED508032B8A515D00FF9718 /* InitAppViewController.swift */ = {isa = PBXFileReference; lastKnownFileType = sourcecode.swift; path = InitAppViewController.swift; sourceTree = "<group>"; };
		EED508052B8A5D2E00FF9718 /* FirebaseManager.swift */ = {isa = PBXFileReference; lastKnownFileType = sourcecode.swift; path = FirebaseManager.swift; sourceTree = "<group>"; };
/* End PBXFileReference section */

/* Begin PBXFrameworksBuildPhase section */
		EED507692B8A408E00FF9718 /* Frameworks */ = {
			isa = PBXFrameworksBuildPhase;
			buildActionMask = 2147483647;
			files = (
				EED507F82B8A508F00FF9718 /* FirebaseDatabase in Frameworks */,
				EED507FE2B8A508F00FF9718 /* FirebaseFirestore in Frameworks */,
				EED507852B8A41DF00FF9718 /* FirebaseAuth in Frameworks */,
				EED507872B8A41DF00FF9718 /* FirebaseFirestore in Frameworks */,
				EED507EA2B8A508F00FF9718 /* FirebaseAnalytics in Frameworks */,
				EED508022B8A508F00FF9718 /* FirebaseFirestoreSwift in Frameworks */,
				EED507EC2B8A508F00FF9718 /* FirebaseAnalyticsOnDeviceConversion in Frameworks */,
				EED507EE2B8A508F00FF9718 /* FirebaseAnalyticsSwift in Frameworks */,
				EED507F22B8A508F00FF9718 /* FirebaseAuth in Frameworks */,
				EED507F62B8A508F00FF9718 /* FirebaseCrashlytics in Frameworks */,
				EED507FA2B8A508F00FF9718 /* FirebaseDatabaseSwift in Frameworks */,
				EED507F02B8A508F00FF9718 /* FirebaseAppDistribution-Beta in Frameworks */,
				EED507F42B8A508F00FF9718 /* FirebaseAuthCombine-Community in Frameworks */,
				EED507FC2B8A508F00FF9718 /* FirebaseDynamicLinks in Frameworks */,
				EED508002B8A508F00FF9718 /* FirebaseFirestoreCombine-Community in Frameworks */,
			);
			runOnlyForDeploymentPostprocessing = 0;
		};
/* End PBXFrameworksBuildPhase section */

/* Begin PBXGroup section */
		EED507632B8A408E00FF9718 = {
			isa = PBXGroup;
			children = (
				EED5076E2B8A408E00FF9718 /* Prueba Tecnica iOS */,
				EED5076D2B8A408E00FF9718 /* Products */,
			);
			sourceTree = "<group>";
		};
		EED5076D2B8A408E00FF9718 /* Products */ = {
			isa = PBXGroup;
			children = (
				EED5076C2B8A408E00FF9718 /* Prueba Tecnica iOS.app */,
			);
			name = Products;
			sourceTree = "<group>";
		};
		EED5076E2B8A408E00FF9718 /* Prueba Tecnica iOS */ = {
			isa = PBXGroup;
			children = (
				EED5076F2B8A408E00FF9718 /* AppDelegate.swift */,
				EED507712B8A408E00FF9718 /* SceneDelegate.swift */,
				EED5077A2B8A409100FF9718 /* LaunchScreen.storyboard */,
				EED507752B8A408E00FF9718 /* Main.storyboard */,
				EED508032B8A515D00FF9718 /* InitAppViewController.swift */,
				EED507782B8A409100FF9718 /* Assets.xcassets */,
				EED5077D2B8A409100FF9718 /* Info.plist */,
				EED507E72B8A4FC800FF9718 /* GoogleService-Info.plist */,
				EED507882B8A42BB00FF9718 /* Model */,
				EED507D02B8A47C500FF9718 /* View */,
				EED507D12B8A47CC00FF9718 /* Controller */,
				EED507D92B8A4CCE00FF9718 /* Utils */,
				EED507D82B8A4CBC00FF9718 /* ViewModel */,
			);
			path = "Prueba Tecnica iOS";
			sourceTree = "<group>";
		};
		EED507882B8A42BB00FF9718 /* Model */ = {
			isa = PBXGroup;
			children = (
				EED507D22B8A48DB00FF9718 /* User.swift */,
				EED507D42B8A492800FF9718 /* Message.swift */,
				EED507D62B8A49AE00FF9718 /* DifusionList.swift */,
				EE041C212B8A6913002549C0 /* Errors.swift */,
			);
			path = Model;
			sourceTree = "<group>";
		};
		EED507D02B8A47C500FF9718 /* View */ = {
			isa = PBXGroup;
			children = (
				EED507DB2B8A4DAE00FF9718 /* LoginViewController.swift */,
				EED507DD2B8A4DBE00FF9718 /* RegisterViewController.swift */,
				EE041C1F2B8A6164002549C0 /* HomeViewController.swift */,
				EED507E52B8A4E1500FF9718 /* ProfileViewController.swift */,
				EED507E32B8A4E0B00FF9718 /* NewMessageViewController.swift */,
			);
			path = View;
			sourceTree = "<group>";
		};
		EED507D12B8A47CC00FF9718 /* Controller */ = {
			isa = PBXGroup;
			children = (
				EED508052B8A5D2E00FF9718 /* FirebaseManager.swift */,
			);
			path = Controller;
			sourceTree = "<group>";
		};
		EED507D82B8A4CBC00FF9718 /* ViewModel */ = {
			isa = PBXGroup;
			children = (
			);
			path = ViewModel;
			sourceTree = "<group>";
		};
		EED507D92B8A4CCE00FF9718 /* Utils */ = {
			isa = PBXGroup;
			children = (
			);
			path = Utils;
			sourceTree = "<group>";
		};
/* End PBXGroup section */

/* Begin PBXNativeTarget section */
		EED5076B2B8A408E00FF9718 /* Prueba Tecnica iOS */ = {
			isa = PBXNativeTarget;
			buildConfigurationList = EED507802B8A409100FF9718 /* Build configuration list for PBXNativeTarget "Prueba Tecnica iOS" */;
			buildPhases = (
				EED507682B8A408E00FF9718 /* Sources */,
				EED507692B8A408E00FF9718 /* Frameworks */,
				EED5076A2B8A408E00FF9718 /* Resources */,
			);
			buildRules = (
			);
			dependencies = (
			);
			name = "Prueba Tecnica iOS";
			packageProductDependencies = (
				EED507842B8A41DF00FF9718 /* FirebaseAuth */,
				EED507862B8A41DF00FF9718 /* FirebaseFirestore */,
				EED507E92B8A508F00FF9718 /* FirebaseAnalytics */,
				EED507EB2B8A508F00FF9718 /* FirebaseAnalyticsOnDeviceConversion */,
				EED507ED2B8A508F00FF9718 /* FirebaseAnalyticsSwift */,
				EED507EF2B8A508F00FF9718 /* FirebaseAppDistribution-Beta */,
				EED507F12B8A508F00FF9718 /* FirebaseAuth */,
				EED507F32B8A508F00FF9718 /* FirebaseAuthCombine-Community */,
				EED507F52B8A508F00FF9718 /* FirebaseCrashlytics */,
				EED507F72B8A508F00FF9718 /* FirebaseDatabase */,
				EED507F92B8A508F00FF9718 /* FirebaseDatabaseSwift */,
				EED507FB2B8A508F00FF9718 /* FirebaseDynamicLinks */,
				EED507FD2B8A508F00FF9718 /* FirebaseFirestore */,
				EED507FF2B8A508F00FF9718 /* FirebaseFirestoreCombine-Community */,
				EED508012B8A508F00FF9718 /* FirebaseFirestoreSwift */,
			);
			productName = "Prueba Tecnica iOS";
			productReference = EED5076C2B8A408E00FF9718 /* Prueba Tecnica iOS.app */;
			productType = "com.apple.product-type.application";
		};
/* End PBXNativeTarget section */

/* Begin PBXProject section */
		EED507642B8A408E00FF9718 /* Project object */ = {
			isa = PBXProject;
			attributes = {
				BuildIndependentTargetsInParallel = 1;
				LastSwiftUpdateCheck = 1520;
				LastUpgradeCheck = 1520;
				TargetAttributes = {
					EED5076B2B8A408E00FF9718 = {
						CreatedOnToolsVersion = 15.2;
					};
				};
			};
			buildConfigurationList = EED507672B8A408E00FF9718 /* Build configuration list for PBXProject "Prueba Tecnica iOS" */;
			compatibilityVersion = "Xcode 14.0";
			developmentRegion = en;
			hasScannedForEncodings = 0;
			knownRegions = (
				en,
				Base,
			);
			mainGroup = EED507632B8A408E00FF9718;
			packageReferences = (
				EED507832B8A41DF00FF9718 /* XCRemoteSwiftPackageReference "firebase-ios-sdk" */,
			);
			productRefGroup = EED5076D2B8A408E00FF9718 /* Products */;
			projectDirPath = "";
			projectRoot = "";
			targets = (
				EED5076B2B8A408E00FF9718 /* Prueba Tecnica iOS */,
			);
		};
/* End PBXProject section */

/* Begin PBXResourcesBuildPhase section */
		EED5076A2B8A408E00FF9718 /* Resources */ = {
			isa = PBXResourcesBuildPhase;
			buildActionMask = 2147483647;
			files = (
				EED5077C2B8A409100FF9718 /* LaunchScreen.storyboard in Resources */,
				EED507792B8A409100FF9718 /* Assets.xcassets in Resources */,
				EED507E82B8A4FC800FF9718 /* GoogleService-Info.plist in Resources */,
				EED507772B8A408E00FF9718 /* Main.storyboard in Resources */,
			);
			runOnlyForDeploymentPostprocessing = 0;
		};
/* End PBXResourcesBuildPhase section */

/* Begin PBXSourcesBuildPhase section */
		EED507682B8A408E00FF9718 /* Sources */ = {
			isa = PBXSourcesBuildPhase;
			buildActionMask = 2147483647;
			files = (
				EED507DC2B8A4DAE00FF9718 /* LoginViewController.swift in Sources */,
				EE041C222B8A6913002549C0 /* Errors.swift in Sources */,
				EED507D52B8A492800FF9718 /* Message.swift in Sources */,
				EED508062B8A5D2E00FF9718 /* FirebaseManager.swift in Sources */,
				EED507D72B8A49AE00FF9718 /* DifusionList.swift in Sources */,
				EED507DE2B8A4DBE00FF9718 /* RegisterViewController.swift in Sources */,
				EE041C202B8A6164002549C0 /* HomeViewController.swift in Sources */,
				EED507D32B8A48DB00FF9718 /* User.swift in Sources */,
				EED507E42B8A4E0B00FF9718 /* NewMessageViewController.swift in Sources */,
				EED507E62B8A4E1500FF9718 /* ProfileViewController.swift in Sources */,
				EED508042B8A515D00FF9718 /* InitAppViewController.swift in Sources */,
				EED507702B8A408E00FF9718 /* AppDelegate.swift in Sources */,
				EED507722B8A408E00FF9718 /* SceneDelegate.swift in Sources */,
			);
			runOnlyForDeploymentPostprocessing = 0;
		};
/* End PBXSourcesBuildPhase section */

/* Begin PBXVariantGroup section */
		EED507752B8A408E00FF9718 /* Main.storyboard */ = {
			isa = PBXVariantGroup;
			children = (
				EED507762B8A408E00FF9718 /* Base */,
			);
			name = Main.storyboard;
			sourceTree = "<group>";
		};
		EED5077A2B8A409100FF9718 /* LaunchScreen.storyboard */ = {
			isa = PBXVariantGroup;
			children = (
				EED5077B2B8A409100FF9718 /* Base */,
			);
			name = LaunchScreen.storyboard;
			sourceTree = "<group>";
		};
/* End PBXVariantGroup section */

/* Begin XCBuildConfiguration section */
		EED5077E2B8A409100FF9718 /* Debug */ = {
			isa = XCBuildConfiguration;
			buildSettings = {
				ALWAYS_SEARCH_USER_PATHS = NO;
				ASSETCATALOG_COMPILER_GENERATE_SWIFT_ASSET_SYMBOL_EXTENSIONS = YES;
				CLANG_ANALYZER_NONNULL = YES;
				CLANG_ANALYZER_NUMBER_OBJECT_CONVERSION = YES_AGGRESSIVE;
				CLANG_CXX_LANGUAGE_STANDARD = "gnu++20";
				CLANG_ENABLE_MODULES = YES;
				CLANG_ENABLE_OBJC_ARC = YES;
				CLANG_ENABLE_OBJC_WEAK = YES;
				CLANG_WARN_BLOCK_CAPTURE_AUTORELEASING = YES;
				CLANG_WARN_BOOL_CONVERSION = YES;
				CLANG_WARN_COMMA = YES;
				CLANG_WARN_CONSTANT_CONVERSION = YES;
				CLANG_WARN_DEPRECATED_OBJC_IMPLEMENTATIONS = YES;
				CLANG_WARN_DIRECT_OBJC_ISA_USAGE = YES_ERROR;
				CLANG_WARN_DOCUMENTATION_COMMENTS = YES;
				CLANG_WARN_EMPTY_BODY = YES;
				CLANG_WARN_ENUM_CONVERSION = YES;
				CLANG_WARN_INFINITE_RECURSION = YES;
				CLANG_WARN_INT_CONVERSION = YES;
				CLANG_WARN_NON_LITERAL_NULL_CONVERSION = YES;
				CLANG_WARN_OBJC_IMPLICIT_RETAIN_SELF = YES;
				CLANG_WARN_OBJC_LITERAL_CONVERSION = YES;
				CLANG_WARN_OBJC_ROOT_CLASS = YES_ERROR;
				CLANG_WARN_QUOTED_INCLUDE_IN_FRAMEWORK_HEADER = YES;
				CLANG_WARN_RANGE_LOOP_ANALYSIS = YES;
				CLANG_WARN_STRICT_PROTOTYPES = YES;
				CLANG_WARN_SUSPICIOUS_MOVE = YES;
				CLANG_WARN_UNGUARDED_AVAILABILITY = YES_AGGRESSIVE;
				CLANG_WARN_UNREACHABLE_CODE = YES;
				CLANG_WARN__DUPLICATE_METHOD_MATCH = YES;
				COPY_PHASE_STRIP = NO;
				DEBUG_INFORMATION_FORMAT = dwarf;
				ENABLE_STRICT_OBJC_MSGSEND = YES;
				ENABLE_TESTABILITY = YES;
				ENABLE_USER_SCRIPT_SANDBOXING = YES;
				GCC_C_LANGUAGE_STANDARD = gnu17;
				GCC_DYNAMIC_NO_PIC = NO;
				GCC_NO_COMMON_BLOCKS = YES;
				GCC_OPTIMIZATION_LEVEL = 0;
				GCC_PREPROCESSOR_DEFINITIONS = (
					"DEBUG=1",
					"$(inherited)",
				);
				GCC_WARN_64_TO_32_BIT_CONVERSION = YES;
				GCC_WARN_ABOUT_RETURN_TYPE = YES_ERROR;
				GCC_WARN_UNDECLARED_SELECTOR = YES;
				GCC_WARN_UNINITIALIZED_AUTOS = YES_AGGRESSIVE;
				GCC_WARN_UNUSED_FUNCTION = YES;
				GCC_WARN_UNUSED_VARIABLE = YES;
				IPHONEOS_DEPLOYMENT_TARGET = 17.2;
				LOCALIZATION_PREFERS_STRING_CATALOGS = YES;
				MTL_ENABLE_DEBUG_INFO = INCLUDE_SOURCE;
				MTL_FAST_MATH = YES;
				ONLY_ACTIVE_ARCH = YES;
				SDKROOT = iphoneos;
				SWIFT_ACTIVE_COMPILATION_CONDITIONS = "DEBUG $(inherited)";
				SWIFT_OPTIMIZATION_LEVEL = "-Onone";
			};
			name = Debug;
		};
		EED5077F2B8A409100FF9718 /* Release */ = {
			isa = XCBuildConfiguration;
			buildSettings = {
				ALWAYS_SEARCH_USER_PATHS = NO;
				ASSETCATALOG_COMPILER_GENERATE_SWIFT_ASSET_SYMBOL_EXTENSIONS = YES;
				CLANG_ANALYZER_NONNULL = YES;
				CLANG_ANALYZER_NUMBER_OBJECT_CONVERSION = YES_AGGRESSIVE;
				CLANG_CXX_LANGUAGE_STANDARD = "gnu++20";
				CLANG_ENABLE_MODULES = YES;
				CLANG_ENABLE_OBJC_ARC = YES;
				CLANG_ENABLE_OBJC_WEAK = YES;
				CLANG_WARN_BLOCK_CAPTURE_AUTORELEASING = YES;
				CLANG_WARN_BOOL_CONVERSION = YES;
				CLANG_WARN_COMMA = YES;
				CLANG_WARN_CONSTANT_CONVERSION = YES;
				CLANG_WARN_DEPRECATED_OBJC_IMPLEMENTATIONS = YES;
				CLANG_WARN_DIRECT_OBJC_ISA_USAGE = YES_ERROR;
				CLANG_WARN_DOCUMENTATION_COMMENTS = YES;
				CLANG_WARN_EMPTY_BODY = YES;
				CLANG_WARN_ENUM_CONVERSION = YES;
				CLANG_WARN_INFINITE_RECURSION = YES;
				CLANG_WARN_INT_CONVERSION = YES;
				CLANG_WARN_NON_LITERAL_NULL_CONVERSION = YES;
				CLANG_WARN_OBJC_IMPLICIT_RETAIN_SELF = YES;
				CLANG_WARN_OBJC_LITERAL_CONVERSION = YES;
				CLANG_WARN_OBJC_ROOT_CLASS = YES_ERROR;
				CLANG_WARN_QUOTED_INCLUDE_IN_FRAMEWORK_HEADER = YES;
				CLANG_WARN_RANGE_LOOP_ANALYSIS = YES;
				CLANG_WARN_STRICT_PROTOTYPES = YES;
				CLANG_WARN_SUSPICIOUS_MOVE = YES;
				CLANG_WARN_UNGUARDED_AVAILABILITY = YES_AGGRESSIVE;
				CLANG_WARN_UNREACHABLE_CODE = YES;
				CLANG_WARN__DUPLICATE_METHOD_MATCH = YES;
				COPY_PHASE_STRIP = NO;
				DEBUG_INFORMATION_FORMAT = "dwarf-with-dsym";
				ENABLE_NS_ASSERTIONS = NO;
				ENABLE_STRICT_OBJC_MSGSEND = YES;
				ENABLE_USER_SCRIPT_SANDBOXING = YES;
				GCC_C_LANGUAGE_STANDARD = gnu17;
				GCC_NO_COMMON_BLOCKS = YES;
				GCC_WARN_64_TO_32_BIT_CONVERSION = YES;
				GCC_WARN_ABOUT_RETURN_TYPE = YES_ERROR;
				GCC_WARN_UNDECLARED_SELECTOR = YES;
				GCC_WARN_UNINITIALIZED_AUTOS = YES_AGGRESSIVE;
				GCC_WARN_UNUSED_FUNCTION = YES;
				GCC_WARN_UNUSED_VARIABLE = YES;
				IPHONEOS_DEPLOYMENT_TARGET = 17.2;
				LOCALIZATION_PREFERS_STRING_CATALOGS = YES;
				MTL_ENABLE_DEBUG_INFO = NO;
				MTL_FAST_MATH = YES;
				SDKROOT = iphoneos;
				SWIFT_COMPILATION_MODE = wholemodule;
				VALIDATE_PRODUCT = YES;
			};
			name = Release;
		};
		EED507812B8A409100FF9718 /* Debug */ = {
			isa = XCBuildConfiguration;
			buildSettings = {
				ASSETCATALOG_COMPILER_APPICON_NAME = AppIcon;
				ASSETCATALOG_COMPILER_GLOBAL_ACCENT_COLOR_NAME = AccentColor;
				CODE_SIGN_STYLE = Automatic;
				CURRENT_PROJECT_VERSION = 1;
				DEVELOPMENT_TEAM = P78ENF28B6;
				GENERATE_INFOPLIST_FILE = YES;
				INFOPLIST_FILE = "Prueba Tecnica iOS/Info.plist";
				INFOPLIST_KEY_UIApplicationSupportsIndirectInputEvents = YES;
				INFOPLIST_KEY_UILaunchStoryboardName = LaunchScreen;
				INFOPLIST_KEY_UIMainStoryboardFile = Main;
				INFOPLIST_KEY_UISupportedInterfaceOrientations = UIInterfaceOrientationPortrait;
				INFOPLIST_KEY_UISupportedInterfaceOrientations_iPad = "UIInterfaceOrientationLandscapeLeft UIInterfaceOrientationLandscapeRight UIInterfaceOrientationPortrait UIInterfaceOrientationPortraitUpsideDown";
				IPHONEOS_DEPLOYMENT_TARGET = 13.0;
				LD_RUNPATH_SEARCH_PATHS = (
					"$(inherited)",
					"@executable_path/Frameworks",
				);
				MARKETING_VERSION = 1.0;
				PRODUCT_BUNDLE_IDENTIFIER = "com.exi.Prueba-Tecnica-iOS";
				PRODUCT_NAME = "$(TARGET_NAME)";
				SUPPORTED_PLATFORMS = "iphoneos iphonesimulator";
				SUPPORTS_MACCATALYST = NO;
				SUPPORTS_MAC_DESIGNED_FOR_IPHONE_IPAD = NO;
				SUPPORTS_XR_DESIGNED_FOR_IPHONE_IPAD = NO;
				SWIFT_EMIT_LOC_STRINGS = YES;
				SWIFT_VERSION = 5.0;
				TARGETED_DEVICE_FAMILY = 1;
			};
			name = Debug;
		};
		EED507822B8A409100FF9718 /* Release */ = {
			isa = XCBuildConfiguration;
			buildSettings = {
				ASSETCATALOG_COMPILER_APPICON_NAME = AppIcon;
				ASSETCATALOG_COMPILER_GLOBAL_ACCENT_COLOR_NAME = AccentColor;
				CODE_SIGN_STYLE = Automatic;
				CURRENT_PROJECT_VERSION = 1;
				DEVELOPMENT_TEAM = P78ENF28B6;
				GENERATE_INFOPLIST_FILE = YES;
				INFOPLIST_FILE = "Prueba Tecnica iOS/Info.plist";
				INFOPLIST_KEY_UIApplicationSupportsIndirectInputEvents = YES;
				INFOPLIST_KEY_UILaunchStoryboardName = LaunchScreen;
				INFOPLIST_KEY_UIMainStoryboardFile = Main;
				INFOPLIST_KEY_UISupportedInterfaceOrientations = UIInterfaceOrientationPortrait;
				INFOPLIST_KEY_UISupportedInterfaceOrientations_iPad = "UIInterfaceOrientationLandscapeLeft UIInterfaceOrientationLandscapeRight UIInterfaceOrientationPortrait UIInterfaceOrientationPortraitUpsideDown";
				IPHONEOS_DEPLOYMENT_TARGET = 13.0;
				LD_RUNPATH_SEARCH_PATHS = (
					"$(inherited)",
					"@executable_path/Frameworks",
				);
				MARKETING_VERSION = 1.0;
				PRODUCT_BUNDLE_IDENTIFIER = "com.exi.Prueba-Tecnica-iOS";
				PRODUCT_NAME = "$(TARGET_NAME)";
				SUPPORTED_PLATFORMS = "iphoneos iphonesimulator";
				SUPPORTS_MACCATALYST = NO;
				SUPPORTS_MAC_DESIGNED_FOR_IPHONE_IPAD = NO;
				SUPPORTS_XR_DESIGNED_FOR_IPHONE_IPAD = NO;
				SWIFT_EMIT_LOC_STRINGS = YES;
				SWIFT_VERSION = 5.0;
				TARGETED_DEVICE_FAMILY = 1;
			};
			name = Release;
		};
/* End XCBuildConfiguration section */

/* Begin XCConfigurationList section */
		EED507672B8A408E00FF9718 /* Build configuration list for PBXProject "Prueba Tecnica iOS" */ = {
			isa = XCConfigurationList;
			buildConfigurations = (
				EED5077E2B8A409100FF9718 /* Debug */,
				EED5077F2B8A409100FF9718 /* Release */,
			);
			defaultConfigurationIsVisible = 0;
			defaultConfigurationName = Release;
		};
		EED507802B8A409100FF9718 /* Build configuration list for PBXNativeTarget "Prueba Tecnica iOS" */ = {
			isa = XCConfigurationList;
			buildConfigurations = (
				EED507812B8A409100FF9718 /* Debug */,
				EED507822B8A409100FF9718 /* Release */,
			);
			defaultConfigurationIsVisible = 0;
			defaultConfigurationName = Release;
		};
/* End XCConfigurationList section */

/* Begin XCRemoteSwiftPackageReference section */
		EED507832B8A41DF00FF9718 /* XCRemoteSwiftPackageReference "firebase-ios-sdk" */ = {
			isa = XCRemoteSwiftPackageReference;
			repositoryURL = "https://github.com/firebase/firebase-ios-sdk";
			requirement = {
				kind = upToNextMajorVersion;
				minimumVersion = 10.21.0;
			};
		};
/* End XCRemoteSwiftPackageReference section */

/* Begin XCSwiftPackageProductDependency section */
		EED507842B8A41DF00FF9718 /* FirebaseAuth */ = {
			isa = XCSwiftPackageProductDependency;
			package = EED507832B8A41DF00FF9718 /* XCRemoteSwiftPackageReference "firebase-ios-sdk" */;
			productName = FirebaseAuth;
		};
		EED507862B8A41DF00FF9718 /* FirebaseFirestore */ = {
			isa = XCSwiftPackageProductDependency;
			package = EED507832B8A41DF00FF9718 /* XCRemoteSwiftPackageReference "firebase-ios-sdk" */;
			productName = FirebaseFirestore;
		};
		EED507E92B8A508F00FF9718 /* FirebaseAnalytics */ = {
			isa = XCSwiftPackageProductDependency;
			package = EED507832B8A41DF00FF9718 /* XCRemoteSwiftPackageReference "firebase-ios-sdk" */;
			productName = FirebaseAnalytics;
		};
		EED507EB2B8A508F00FF9718 /* FirebaseAnalyticsOnDeviceConversion */ = {
			isa = XCSwiftPackageProductDependency;
			package = EED507832B8A41DF00FF9718 /* XCRemoteSwiftPackageReference "firebase-ios-sdk" */;
			productName = FirebaseAnalyticsOnDeviceConversion;
		};
		EED507ED2B8A508F00FF9718 /* FirebaseAnalyticsSwift */ = {
			isa = XCSwiftPackageProductDependency;
			package = EED507832B8A41DF00FF9718 /* XCRemoteSwiftPackageReference "firebase-ios-sdk" */;
			productName = FirebaseAnalyticsSwift;
		};
		EED507EF2B8A508F00FF9718 /* FirebaseAppDistribution-Beta */ = {
			isa = XCSwiftPackageProductDependency;
			package = EED507832B8A41DF00FF9718 /* XCRemoteSwiftPackageReference "firebase-ios-sdk" */;
			productName = "FirebaseAppDistribution-Beta";
		};
		EED507F12B8A508F00FF9718 /* FirebaseAuth */ = {
			isa = XCSwiftPackageProductDependency;
			package = EED507832B8A41DF00FF9718 /* XCRemoteSwiftPackageReference "firebase-ios-sdk" */;
			productName = FirebaseAuth;
		};
		EED507F32B8A508F00FF9718 /* FirebaseAuthCombine-Community */ = {
			isa = XCSwiftPackageProductDependency;
			package = EED507832B8A41DF00FF9718 /* XCRemoteSwiftPackageReference "firebase-ios-sdk" */;
			productName = "FirebaseAuthCombine-Community";
		};
		EED507F52B8A508F00FF9718 /* FirebaseCrashlytics */ = {
			isa = XCSwiftPackageProductDependency;
			package = EED507832B8A41DF00FF9718 /* XCRemoteSwiftPackageReference "firebase-ios-sdk" */;
			productName = FirebaseCrashlytics;
		};
		EED507F72B8A508F00FF9718 /* FirebaseDatabase */ = {
			isa = XCSwiftPackageProductDependency;
			package = EED507832B8A41DF00FF9718 /* XCRemoteSwiftPackageReference "firebase-ios-sdk" */;
			productName = FirebaseDatabase;
		};
		EED507F92B8A508F00FF9718 /* FirebaseDatabaseSwift */ = {
			isa = XCSwiftPackageProductDependency;
			package = EED507832B8A41DF00FF9718 /* XCRemoteSwiftPackageReference "firebase-ios-sdk" */;
			productName = FirebaseDatabaseSwift;
		};
		EED507FB2B8A508F00FF9718 /* FirebaseDynamicLinks */ = {
			isa = XCSwiftPackageProductDependency;
			package = EED507832B8A41DF00FF9718 /* XCRemoteSwiftPackageReference "firebase-ios-sdk" */;
			productName = FirebaseDynamicLinks;
		};
		EED507FD2B8A508F00FF9718 /* FirebaseFirestore */ = {
			isa = XCSwiftPackageProductDependency;
			package = EED507832B8A41DF00FF9718 /* XCRemoteSwiftPackageReference "firebase-ios-sdk" */;
			productName = FirebaseFirestore;
		};
		EED507FF2B8A508F00FF9718 /* FirebaseFirestoreCombine-Community */ = {
			isa = XCSwiftPackageProductDependency;
			package = EED507832B8A41DF00FF9718 /* XCRemoteSwiftPackageReference "firebase-ios-sdk" */;
			productName = "FirebaseFirestoreCombine-Community";
		};
		EED508012B8A508F00FF9718 /* FirebaseFirestoreSwift */ = {
			isa = XCSwiftPackageProductDependency;
			package = EED507832B8A41DF00FF9718 /* XCRemoteSwiftPackageReference "firebase-ios-sdk" */;
			productName = FirebaseFirestoreSwift;
		};
/* End XCSwiftPackageProductDependency section */
	};
	rootObject = EED507642B8A408E00FF9718 /* Project object */;
}
