// !$*UTF8*$!
{
	archiveVersion = 1;
	classes = {
	};
	objectVersion = 56;
	objects = {

/* Begin PBXBuildFile section */
		744EE6267189C2C70DE2C15C /* Pods_Prueba_Tecnica_iOS.framework in Frameworks */ = {isa = PBXBuildFile; fileRef = 8A5BF647110B181D7C8E211B /* Pods_Prueba_Tecnica_iOS.framework */; };
		EE041C202B8A6164002549C0 /* HomeViewController.swift in Sources */ = {isa = PBXBuildFile; fileRef = EE041C1F2B8A6164002549C0 /* HomeViewController.swift */; };
		EE041C222B8A6913002549C0 /* FirebaseErrors.swift in Sources */ = {isa = PBXBuildFile; fileRef = EE041C212B8A6913002549C0 /* FirebaseErrors.swift */; };
		EE420B0E2B8CF805002F077B /* FirebaseAnalytics in Frameworks */ = {isa = PBXBuildFile; productRef = EE420B0D2B8CF805002F077B /* FirebaseAnalytics */; };
		EE420B102B8CF805002F077B /* FirebaseAnalyticsOnDeviceConversion in Frameworks */ = {isa = PBXBuildFile; productRef = EE420B0F2B8CF805002F077B /* FirebaseAnalyticsOnDeviceConversion */; };
		EE420B122B8CF805002F077B /* FirebaseAnalyticsSwift in Frameworks */ = {isa = PBXBuildFile; productRef = EE420B112B8CF805002F077B /* FirebaseAnalyticsSwift */; };
		EE420B142B8CF805002F077B /* FirebaseAnalyticsWithoutAdIdSupport in Frameworks */ = {isa = PBXBuildFile; productRef = EE420B132B8CF805002F077B /* FirebaseAnalyticsWithoutAdIdSupport */; };
		EE420B162B8CF805002F077B /* FirebaseAppCheck in Frameworks */ = {isa = PBXBuildFile; productRef = EE420B152B8CF805002F077B /* FirebaseAppCheck */; };
		EE420B182B8CF805002F077B /* FirebaseAppDistribution-Beta in Frameworks */ = {isa = PBXBuildFile; productRef = EE420B172B8CF805002F077B /* FirebaseAppDistribution-Beta */; };
		EE420B1A2B8CF805002F077B /* FirebaseAuth in Frameworks */ = {isa = PBXBuildFile; productRef = EE420B192B8CF805002F077B /* FirebaseAuth */; };
		EE420B1C2B8CF805002F077B /* FirebaseAuthCombine-Community in Frameworks */ = {isa = PBXBuildFile; productRef = EE420B1B2B8CF805002F077B /* FirebaseAuthCombine-Community */; };
		EE420B1E2B8CF805002F077B /* FirebaseCrashlytics in Frameworks */ = {isa = PBXBuildFile; productRef = EE420B1D2B8CF805002F077B /* FirebaseCrashlytics */; };
		EE420B202B8CF805002F077B /* FirebaseDatabase in Frameworks */ = {isa = PBXBuildFile; productRef = EE420B1F2B8CF805002F077B /* FirebaseDatabase */; };
		EE420B222B8CF805002F077B /* FirebaseDatabaseSwift in Frameworks */ = {isa = PBXBuildFile; productRef = EE420B212B8CF805002F077B /* FirebaseDatabaseSwift */; };
		EE420B242B8CF805002F077B /* FirebaseDynamicLinks in Frameworks */ = {isa = PBXBuildFile; productRef = EE420B232B8CF805002F077B /* FirebaseDynamicLinks */; };
		EE420B262B8CF805002F077B /* FirebaseFirestore in Frameworks */ = {isa = PBXBuildFile; productRef = EE420B252B8CF805002F077B /* FirebaseFirestore */; };
		EE420B282B8CF805002F077B /* FirebaseFirestoreCombine-Community in Frameworks */ = {isa = PBXBuildFile; productRef = EE420B272B8CF805002F077B /* FirebaseFirestoreCombine-Community */; };
		EE420B2A2B8CF805002F077B /* FirebaseFirestoreSwift in Frameworks */ = {isa = PBXBuildFile; productRef = EE420B292B8CF805002F077B /* FirebaseFirestoreSwift */; };
		EE420B2C2B8CF805002F077B /* FirebaseFunctions in Frameworks */ = {isa = PBXBuildFile; productRef = EE420B2B2B8CF805002F077B /* FirebaseFunctions */; };
		EE420B2E2B8CF805002F077B /* FirebaseFunctionsCombine-Community in Frameworks */ = {isa = PBXBuildFile; productRef = EE420B2D2B8CF805002F077B /* FirebaseFunctionsCombine-Community */; };
		EE420B302B8CF805002F077B /* FirebaseInAppMessaging-Beta in Frameworks */ = {isa = PBXBuildFile; productRef = EE420B2F2B8CF805002F077B /* FirebaseInAppMessaging-Beta */; };
		EE420B322B8CF805002F077B /* FirebaseInAppMessagingSwift-Beta in Frameworks */ = {isa = PBXBuildFile; productRef = EE420B312B8CF805002F077B /* FirebaseInAppMessagingSwift-Beta */; };
		EE420B342B8CF805002F077B /* FirebaseInstallations in Frameworks */ = {isa = PBXBuildFile; productRef = EE420B332B8CF805002F077B /* FirebaseInstallations */; };
		EE420B362B8CF805002F077B /* FirebaseMLModelDownloader in Frameworks */ = {isa = PBXBuildFile; productRef = EE420B352B8CF805002F077B /* FirebaseMLModelDownloader */; };
		EE420B382B8CF805002F077B /* FirebaseMessaging in Frameworks */ = {isa = PBXBuildFile; productRef = EE420B372B8CF805002F077B /* FirebaseMessaging */; };
		EE420B3A2B8CF805002F077B /* FirebasePerformance in Frameworks */ = {isa = PBXBuildFile; productRef = EE420B392B8CF805002F077B /* FirebasePerformance */; };
		EE420B3C2B8CF805002F077B /* FirebaseRemoteConfig in Frameworks */ = {isa = PBXBuildFile; productRef = EE420B3B2B8CF805002F077B /* FirebaseRemoteConfig */; };
		EE420B3E2B8CF805002F077B /* FirebaseRemoteConfigSwift in Frameworks */ = {isa = PBXBuildFile; productRef = EE420B3D2B8CF805002F077B /* FirebaseRemoteConfigSwift */; };
		EE420B402B8CF805002F077B /* FirebaseStorage in Frameworks */ = {isa = PBXBuildFile; productRef = EE420B3F2B8CF805002F077B /* FirebaseStorage */; };
		EE420B422B8CF805002F077B /* FirebaseStorageCombine-Community in Frameworks */ = {isa = PBXBuildFile; productRef = EE420B412B8CF805002F077B /* FirebaseStorageCombine-Community */; };
		EE420B442B8CF9B1002F077B /* FirebaseAnalytics in Frameworks */ = {isa = PBXBuildFile; productRef = EE420B432B8CF9B1002F077B /* FirebaseAnalytics */; };
		EE420B462B8CF9B1002F077B /* FirebaseAnalyticsOnDeviceConversion in Frameworks */ = {isa = PBXBuildFile; productRef = EE420B452B8CF9B1002F077B /* FirebaseAnalyticsOnDeviceConversion */; };
		EE420B482B8CF9B1002F077B /* FirebaseAnalyticsSwift in Frameworks */ = {isa = PBXBuildFile; productRef = EE420B472B8CF9B1002F077B /* FirebaseAnalyticsSwift */; };
		EE420B4A2B8CF9B1002F077B /* FirebaseAnalyticsWithoutAdIdSupport in Frameworks */ = {isa = PBXBuildFile; productRef = EE420B492B8CF9B1002F077B /* FirebaseAnalyticsWithoutAdIdSupport */; };
		EE420B4C2B8CF9B1002F077B /* FirebaseAppCheck in Frameworks */ = {isa = PBXBuildFile; productRef = EE420B4B2B8CF9B1002F077B /* FirebaseAppCheck */; };
		EE420B4E2B8CF9B1002F077B /* FirebaseAppDistribution-Beta in Frameworks */ = {isa = PBXBuildFile; productRef = EE420B4D2B8CF9B1002F077B /* FirebaseAppDistribution-Beta */; };
		EE420B502B8CF9B1002F077B /* FirebaseAuth in Frameworks */ = {isa = PBXBuildFile; productRef = EE420B4F2B8CF9B1002F077B /* FirebaseAuth */; };
		EE420B522B8CF9B1002F077B /* FirebaseAuthCombine-Community in Frameworks */ = {isa = PBXBuildFile; productRef = EE420B512B8CF9B1002F077B /* FirebaseAuthCombine-Community */; };
		EE420B542B8CF9B1002F077B /* FirebaseCrashlytics in Frameworks */ = {isa = PBXBuildFile; productRef = EE420B532B8CF9B1002F077B /* FirebaseCrashlytics */; };
		EE420B562B8CF9B1002F077B /* FirebaseDatabase in Frameworks */ = {isa = PBXBuildFile; productRef = EE420B552B8CF9B1002F077B /* FirebaseDatabase */; };
		EE420B582B8CF9B1002F077B /* FirebaseDatabaseSwift in Frameworks */ = {isa = PBXBuildFile; productRef = EE420B572B8CF9B1002F077B /* FirebaseDatabaseSwift */; };
		EE420B5A2B8CF9B1002F077B /* FirebaseDynamicLinks in Frameworks */ = {isa = PBXBuildFile; productRef = EE420B592B8CF9B1002F077B /* FirebaseDynamicLinks */; };
		EE420B5C2B8CF9B1002F077B /* FirebaseFirestore in Frameworks */ = {isa = PBXBuildFile; productRef = EE420B5B2B8CF9B1002F077B /* FirebaseFirestore */; };
		EE420B5E2B8CF9B1002F077B /* FirebaseFirestoreCombine-Community in Frameworks */ = {isa = PBXBuildFile; productRef = EE420B5D2B8CF9B1002F077B /* FirebaseFirestoreCombine-Community */; };
		EE420B602B8CF9B1002F077B /* FirebaseFirestoreSwift in Frameworks */ = {isa = PBXBuildFile; productRef = EE420B5F2B8CF9B1002F077B /* FirebaseFirestoreSwift */; };
		EE420B622B8CF9B1002F077B /* FirebaseFunctions in Frameworks */ = {isa = PBXBuildFile; productRef = EE420B612B8CF9B1002F077B /* FirebaseFunctions */; };
		EE420B642B8CF9B1002F077B /* FirebaseFunctionsCombine-Community in Frameworks */ = {isa = PBXBuildFile; productRef = EE420B632B8CF9B1002F077B /* FirebaseFunctionsCombine-Community */; };
		EE420B662B8CF9B1002F077B /* FirebaseInAppMessaging-Beta in Frameworks */ = {isa = PBXBuildFile; productRef = EE420B652B8CF9B1002F077B /* FirebaseInAppMessaging-Beta */; };
		EE420B682B8CF9B1002F077B /* FirebaseInAppMessagingSwift-Beta in Frameworks */ = {isa = PBXBuildFile; productRef = EE420B672B8CF9B1002F077B /* FirebaseInAppMessagingSwift-Beta */; };
		EE420B6A2B8CF9B1002F077B /* FirebaseInstallations in Frameworks */ = {isa = PBXBuildFile; productRef = EE420B692B8CF9B1002F077B /* FirebaseInstallations */; };
		EE420B6C2B8CF9B1002F077B /* FirebaseMLModelDownloader in Frameworks */ = {isa = PBXBuildFile; productRef = EE420B6B2B8CF9B1002F077B /* FirebaseMLModelDownloader */; };
		EE420B6E2B8CF9B1002F077B /* FirebaseMessaging in Frameworks */ = {isa = PBXBuildFile; productRef = EE420B6D2B8CF9B1002F077B /* FirebaseMessaging */; };
		EE420B702B8CF9B1002F077B /* FirebaseRemoteConfigSwift in Frameworks */ = {isa = PBXBuildFile; productRef = EE420B6F2B8CF9B1002F077B /* FirebaseRemoteConfigSwift */; };
		EE420B722B8CF9B1002F077B /* FirebaseStorage in Frameworks */ = {isa = PBXBuildFile; productRef = EE420B712B8CF9B1002F077B /* FirebaseStorage */; };
		EE420B742B8CF9B1002F077B /* FirebaseStorageCombine-Community in Frameworks */ = {isa = PBXBuildFile; productRef = EE420B732B8CF9B1002F077B /* FirebaseStorageCombine-Community */; };
		EE420B762B8CF9C8002F077B /* FirebaseAnalytics in Frameworks */ = {isa = PBXBuildFile; productRef = EE420B752B8CF9C8002F077B /* FirebaseAnalytics */; };
		EE420B782B8CF9C8002F077B /* FirebaseAnalyticsOnDeviceConversion in Frameworks */ = {isa = PBXBuildFile; productRef = EE420B772B8CF9C8002F077B /* FirebaseAnalyticsOnDeviceConversion */; };
		EE420B7A2B8CF9C8002F077B /* FirebaseAnalyticsSwift in Frameworks */ = {isa = PBXBuildFile; productRef = EE420B792B8CF9C8002F077B /* FirebaseAnalyticsSwift */; };
		EE420B7C2B8CF9C8002F077B /* FirebaseAnalyticsWithoutAdIdSupport in Frameworks */ = {isa = PBXBuildFile; productRef = EE420B7B2B8CF9C8002F077B /* FirebaseAnalyticsWithoutAdIdSupport */; };
		EE420B7E2B8CF9C8002F077B /* FirebaseAppCheck in Frameworks */ = {isa = PBXBuildFile; productRef = EE420B7D2B8CF9C8002F077B /* FirebaseAppCheck */; };
		EE420B802B8CF9C8002F077B /* FirebaseAppDistribution-Beta in Frameworks */ = {isa = PBXBuildFile; productRef = EE420B7F2B8CF9C8002F077B /* FirebaseAppDistribution-Beta */; };
		EE420B822B8CF9C8002F077B /* FirebaseAuth in Frameworks */ = {isa = PBXBuildFile; productRef = EE420B812B8CF9C8002F077B /* FirebaseAuth */; };
		EE420B842B8CF9C8002F077B /* FirebaseAuthCombine-Community in Frameworks */ = {isa = PBXBuildFile; productRef = EE420B832B8CF9C8002F077B /* FirebaseAuthCombine-Community */; };
		EE420B862B8CF9C8002F077B /* FirebaseCrashlytics in Frameworks */ = {isa = PBXBuildFile; productRef = EE420B852B8CF9C8002F077B /* FirebaseCrashlytics */; };
		EE420B882B8CF9C8002F077B /* FirebaseDatabase in Frameworks */ = {isa = PBXBuildFile; productRef = EE420B872B8CF9C8002F077B /* FirebaseDatabase */; };
		EE420B8A2B8CF9C8002F077B /* FirebaseDatabaseSwift in Frameworks */ = {isa = PBXBuildFile; productRef = EE420B892B8CF9C8002F077B /* FirebaseDatabaseSwift */; };
		EE420B8C2B8CF9C8002F077B /* FirebaseDynamicLinks in Frameworks */ = {isa = PBXBuildFile; productRef = EE420B8B2B8CF9C8002F077B /* FirebaseDynamicLinks */; };
		EE420B8E2B8CF9C8002F077B /* FirebaseFirestore in Frameworks */ = {isa = PBXBuildFile; productRef = EE420B8D2B8CF9C8002F077B /* FirebaseFirestore */; };
		EE420B902B8CF9C8002F077B /* FirebaseFirestoreCombine-Community in Frameworks */ = {isa = PBXBuildFile; productRef = EE420B8F2B8CF9C8002F077B /* FirebaseFirestoreCombine-Community */; };
		EE420B922B8CF9C8002F077B /* FirebaseFirestoreSwift in Frameworks */ = {isa = PBXBuildFile; productRef = EE420B912B8CF9C8002F077B /* FirebaseFirestoreSwift */; };
		EE420B942B8CF9C8002F077B /* FirebaseFunctions in Frameworks */ = {isa = PBXBuildFile; productRef = EE420B932B8CF9C8002F077B /* FirebaseFunctions */; };
		EE420B962B8CF9C8002F077B /* FirebaseFunctionsCombine-Community in Frameworks */ = {isa = PBXBuildFile; productRef = EE420B952B8CF9C8002F077B /* FirebaseFunctionsCombine-Community */; };
		EE420B982B8CF9C8002F077B /* FirebaseInAppMessaging-Beta in Frameworks */ = {isa = PBXBuildFile; productRef = EE420B972B8CF9C8002F077B /* FirebaseInAppMessaging-Beta */; };
		EE420B9A2B8CF9C8002F077B /* FirebaseInAppMessagingSwift-Beta in Frameworks */ = {isa = PBXBuildFile; productRef = EE420B992B8CF9C8002F077B /* FirebaseInAppMessagingSwift-Beta */; };
		EE420B9C2B8CF9C8002F077B /* FirebaseInstallations in Frameworks */ = {isa = PBXBuildFile; productRef = EE420B9B2B8CF9C8002F077B /* FirebaseInstallations */; };
		EE420B9E2B8CF9C8002F077B /* FirebaseMLModelDownloader in Frameworks */ = {isa = PBXBuildFile; productRef = EE420B9D2B8CF9C8002F077B /* FirebaseMLModelDownloader */; };
		EE420BA02B8CF9C8002F077B /* FirebaseMessaging in Frameworks */ = {isa = PBXBuildFile; productRef = EE420B9F2B8CF9C8002F077B /* FirebaseMessaging */; };
		EE420BA22B8CF9C8002F077B /* FirebasePerformance in Frameworks */ = {isa = PBXBuildFile; productRef = EE420BA12B8CF9C8002F077B /* FirebasePerformance */; };
		EE420BA42B8CF9C8002F077B /* FirebaseRemoteConfig in Frameworks */ = {isa = PBXBuildFile; productRef = EE420BA32B8CF9C8002F077B /* FirebaseRemoteConfig */; };
		EE420BA62B8CF9C8002F077B /* FirebaseRemoteConfigSwift in Frameworks */ = {isa = PBXBuildFile; productRef = EE420BA52B8CF9C8002F077B /* FirebaseRemoteConfigSwift */; };
		EE420BA82B8CF9C8002F077B /* FirebaseStorage in Frameworks */ = {isa = PBXBuildFile; productRef = EE420BA72B8CF9C8002F077B /* FirebaseStorage */; };
		EE420BAA2B8CF9C8002F077B /* FirebaseStorageCombine-Community in Frameworks */ = {isa = PBXBuildFile; productRef = EE420BA92B8CF9C8002F077B /* FirebaseStorageCombine-Community */; };
		EED507702B8A408E00FF9718 /* AppDelegate.swift in Sources */ = {isa = PBXBuildFile; fileRef = EED5076F2B8A408E00FF9718 /* AppDelegate.swift */; };
		EED507722B8A408E00FF9718 /* SceneDelegate.swift in Sources */ = {isa = PBXBuildFile; fileRef = EED507712B8A408E00FF9718 /* SceneDelegate.swift */; };
		EED507772B8A408E00FF9718 /* Main.storyboard in Resources */ = {isa = PBXBuildFile; fileRef = EED507752B8A408E00FF9718 /* Main.storyboard */; };
		EED507792B8A409100FF9718 /* Assets.xcassets in Resources */ = {isa = PBXBuildFile; fileRef = EED507782B8A409100FF9718 /* Assets.xcassets */; };
		EED5077C2B8A409100FF9718 /* LaunchScreen.storyboard in Resources */ = {isa = PBXBuildFile; fileRef = EED5077A2B8A409100FF9718 /* LaunchScreen.storyboard */; };
		EED507852B8A41DF00FF9718 /* FirebaseAuth in Frameworks */ = {isa = PBXBuildFile; productRef = EED507842B8A41DF00FF9718 /* FirebaseAuth */; };
		EED507872B8A41DF00FF9718 /* FirebaseFirestore in Frameworks */ = {isa = PBXBuildFile; productRef = EED507862B8A41DF00FF9718 /* FirebaseFirestore */; };
		EED507D32B8A48DB00FF9718 /* User.swift in Sources */ = {isa = PBXBuildFile; fileRef = EED507D22B8A48DB00FF9718 /* User.swift */; };
		EED507D52B8A492800FF9718 /* Message.swift in Sources */ = {isa = PBXBuildFile; fileRef = EED507D42B8A492800FF9718 /* Message.swift */; };
		EED507DC2B8A4DAE00FF9718 /* LoginViewController.swift in Sources */ = {isa = PBXBuildFile; fileRef = EED507DB2B8A4DAE00FF9718 /* LoginViewController.swift */; };
		EED507DE2B8A4DBE00FF9718 /* RegisterViewController.swift in Sources */ = {isa = PBXBuildFile; fileRef = EED507DD2B8A4DBE00FF9718 /* RegisterViewController.swift */; };
		EED507E62B8A4E1500FF9718 /* ProfileViewController.swift in Sources */ = {isa = PBXBuildFile; fileRef = EED507E52B8A4E1500FF9718 /* ProfileViewController.swift */; };
		EED507E82B8A4FC800FF9718 /* GoogleService-Info.plist in Resources */ = {isa = PBXBuildFile; fileRef = EED507E72B8A4FC800FF9718 /* GoogleService-Info.plist */; };
		EED507EA2B8A508F00FF9718 /* FirebaseAnalytics in Frameworks */ = {isa = PBXBuildFile; productRef = EED507E92B8A508F00FF9718 /* FirebaseAnalytics */; };
		EED507EC2B8A508F00FF9718 /* FirebaseAnalyticsOnDeviceConversion in Frameworks */ = {isa = PBXBuildFile; productRef = EED507EB2B8A508F00FF9718 /* FirebaseAnalyticsOnDeviceConversion */; };
		EED507EE2B8A508F00FF9718 /* FirebaseAnalyticsSwift in Frameworks */ = {isa = PBXBuildFile; productRef = EED507ED2B8A508F00FF9718 /* FirebaseAnalyticsSwift */; };
		EED507F02B8A508F00FF9718 /* FirebaseAppDistribution-Beta in Frameworks */ = {isa = PBXBuildFile; productRef = EED507EF2B8A508F00FF9718 /* FirebaseAppDistribution-Beta */; };
		EED507F22B8A508F00FF9718 /* FirebaseAuth in Frameworks */ = {isa = PBXBuildFile; productRef = EED507F12B8A508F00FF9718 /* FirebaseAuth */; };
		EED507F42B8A508F00FF9718 /* FirebaseAuthCombine-Community in Frameworks */ = {isa = PBXBuildFile; productRef = EED507F32B8A508F00FF9718 /* FirebaseAuthCombine-Community */; };
		EED507F62B8A508F00FF9718 /* FirebaseCrashlytics in Frameworks */ = {isa = PBXBuildFile; productRef = EED507F52B8A508F00FF9718 /* FirebaseCrashlytics */; };
		EED507F82B8A508F00FF9718 /* FirebaseDatabase in Frameworks */ = {isa = PBXBuildFile; productRef = EED507F72B8A508F00FF9718 /* FirebaseDatabase */; };
		EED507FA2B8A508F00FF9718 /* FirebaseDatabaseSwift in Frameworks */ = {isa = PBXBuildFile; productRef = EED507F92B8A508F00FF9718 /* FirebaseDatabaseSwift */; };
		EED507FC2B8A508F00FF9718 /* FirebaseDynamicLinks in Frameworks */ = {isa = PBXBuildFile; productRef = EED507FB2B8A508F00FF9718 /* FirebaseDynamicLinks */; };
		EED507FE2B8A508F00FF9718 /* FirebaseFirestore in Frameworks */ = {isa = PBXBuildFile; productRef = EED507FD2B8A508F00FF9718 /* FirebaseFirestore */; };
		EED508002B8A508F00FF9718 /* FirebaseFirestoreCombine-Community in Frameworks */ = {isa = PBXBuildFile; productRef = EED507FF2B8A508F00FF9718 /* FirebaseFirestoreCombine-Community */; };
		EED508022B8A508F00FF9718 /* FirebaseFirestoreSwift in Frameworks */ = {isa = PBXBuildFile; productRef = EED508012B8A508F00FF9718 /* FirebaseFirestoreSwift */; };
		EED508042B8A515D00FF9718 /* InitAppViewController.swift in Sources */ = {isa = PBXBuildFile; fileRef = EED508032B8A515D00FF9718 /* InitAppViewController.swift */; };
		EED508062B8A5D2E00FF9718 /* FirebaseManager.swift in Sources */ = {isa = PBXBuildFile; fileRef = EED508052B8A5D2E00FF9718 /* FirebaseManager.swift */; };
		EEFDF5E02B8A9369000E7001 /* CoreDataManager.swift in Sources */ = {isa = PBXBuildFile; fileRef = EEFDF5DF2B8A9369000E7001 /* CoreDataManager.swift */; };
		EEFDF5E22B8A955F000E7001 /* Extension+Utils.swift in Sources */ = {isa = PBXBuildFile; fileRef = EEFDF5E12B8A955F000E7001 /* Extension+Utils.swift */; };
		EEFDF5E62B8AAD37000E7001 /* ConversacionesViewModel.swift in Sources */ = {isa = PBXBuildFile; fileRef = EEFDF5E52B8AAD37000E7001 /* ConversacionesViewModel.swift */; };
		EEFDF5E92B8AB35C000E7001 /* MessageTableViewCell.swift in Sources */ = {isa = PBXBuildFile; fileRef = EEFDF5E72B8AB35C000E7001 /* MessageTableViewCell.swift */; };
		EEFDF5EA2B8AB35C000E7001 /* MessageTableViewCell.xib in Resources */ = {isa = PBXBuildFile; fileRef = EEFDF5E82B8AB35C000E7001 /* MessageTableViewCell.xib */; };
		EEFDF5ED2B8ABFD6000E7001 /* ConversationViewController.swift in Sources */ = {isa = PBXBuildFile; fileRef = EEFDF5EC2B8ABFD6000E7001 /* ConversationViewController.swift */; };
		EEFDF5EF2B8AD19E000E7001 /* UserDetailViewModel.swift in Sources */ = {isa = PBXBuildFile; fileRef = EEFDF5EE2B8AD19E000E7001 /* UserDetailViewModel.swift */; };
/* End PBXBuildFile section */

/* Begin PBXFileReference section */
		43E8A90931A0A143746232A7 /* Pods-Prueba Tecnica iOS.debug.xcconfig */ = {isa = PBXFileReference; includeInIndex = 1; lastKnownFileType = text.xcconfig; name = "Pods-Prueba Tecnica iOS.debug.xcconfig"; path = "Target Support Files/Pods-Prueba Tecnica iOS/Pods-Prueba Tecnica iOS.debug.xcconfig"; sourceTree = "<group>"; };
		8934A9F25816A00A7EEB24B9 /* Pods-Prueba Tecnica iOS.release.xcconfig */ = {isa = PBXFileReference; includeInIndex = 1; lastKnownFileType = text.xcconfig; name = "Pods-Prueba Tecnica iOS.release.xcconfig"; path = "Target Support Files/Pods-Prueba Tecnica iOS/Pods-Prueba Tecnica iOS.release.xcconfig"; sourceTree = "<group>"; };
		8A5BF647110B181D7C8E211B /* Pods_Prueba_Tecnica_iOS.framework */ = {isa = PBXFileReference; explicitFileType = wrapper.framework; includeInIndex = 0; path = Pods_Prueba_Tecnica_iOS.framework; sourceTree = BUILT_PRODUCTS_DIR; };
		EE041C1F2B8A6164002549C0 /* HomeViewController.swift */ = {isa = PBXFileReference; lastKnownFileType = sourcecode.swift; path = HomeViewController.swift; sourceTree = "<group>"; };
		EE041C212B8A6913002549C0 /* FirebaseErrors.swift */ = {isa = PBXFileReference; lastKnownFileType = sourcecode.swift; path = FirebaseErrors.swift; sourceTree = "<group>"; };
		EED5076C2B8A408E00FF9718 /* Prueba Tecnica iOS.app */ = {isa = PBXFileReference; explicitFileType = wrapper.application; includeInIndex = 0; path = "Prueba Tecnica iOS.app"; sourceTree = BUILT_PRODUCTS_DIR; };
		EED5076F2B8A408E00FF9718 /* AppDelegate.swift */ = {isa = PBXFileReference; lastKnownFileType = sourcecode.swift; path = AppDelegate.swift; sourceTree = "<group>"; };
		EED507712B8A408E00FF9718 /* SceneDelegate.swift */ = {isa = PBXFileReference; lastKnownFileType = sourcecode.swift; path = SceneDelegate.swift; sourceTree = "<group>"; };
		EED507762B8A408E00FF9718 /* Base */ = {isa = PBXFileReference; lastKnownFileType = file.storyboard; name = Base; path = Base.lproj/Main.storyboard; sourceTree = "<group>"; };
		EED507782B8A409100FF9718 /* Assets.xcassets */ = {isa = PBXFileReference; lastKnownFileType = folder.assetcatalog; path = Assets.xcassets; sourceTree = "<group>"; };
		EED5077B2B8A409100FF9718 /* Base */ = {isa = PBXFileReference; lastKnownFileType = file.storyboard; name = Base; path = Base.lproj/LaunchScreen.storyboard; sourceTree = "<group>"; };
		EED5077D2B8A409100FF9718 /* Info.plist */ = {isa = PBXFileReference; lastKnownFileType = text.plist.xml; path = Info.plist; sourceTree = "<group>"; };
		EED507D22B8A48DB00FF9718 /* User.swift */ = {isa = PBXFileReference; lastKnownFileType = sourcecode.swift; path = User.swift; sourceTree = "<group>"; };
		EED507D42B8A492800FF9718 /* Message.swift */ = {isa = PBXFileReference; lastKnownFileType = sourcecode.swift; path = Message.swift; sourceTree = "<group>"; };
		EED507DB2B8A4DAE00FF9718 /* LoginViewController.swift */ = {isa = PBXFileReference; lastKnownFileType = sourcecode.swift; path = LoginViewController.swift; sourceTree = "<group>"; };
		EED507DD2B8A4DBE00FF9718 /* RegisterViewController.swift */ = {isa = PBXFileReference; lastKnownFileType = sourcecode.swift; path = RegisterViewController.swift; sourceTree = "<group>"; };
		EED507E52B8A4E1500FF9718 /* ProfileViewController.swift */ = {isa = PBXFileReference; lastKnownFileType = sourcecode.swift; path = ProfileViewController.swift; sourceTree = "<group>"; };
		EED507E72B8A4FC800FF9718 /* GoogleService-Info.plist */ = {isa = PBXFileReference; fileEncoding = 4; lastKnownFileType = text.plist.xml; path = "GoogleService-Info.plist"; sourceTree = "<group>"; };
		EED508032B8A515D00FF9718 /* InitAppViewController.swift */ = {isa = PBXFileReference; lastKnownFileType = sourcecode.swift; path = InitAppViewController.swift; sourceTree = "<group>"; };
		EED508052B8A5D2E00FF9718 /* FirebaseManager.swift */ = {isa = PBXFileReference; lastKnownFileType = sourcecode.swift; path = FirebaseManager.swift; sourceTree = "<group>"; };
		EEFDF5DF2B8A9369000E7001 /* CoreDataManager.swift */ = {isa = PBXFileReference; lastKnownFileType = sourcecode.swift; path = CoreDataManager.swift; sourceTree = "<group>"; };
		EEFDF5E12B8A955F000E7001 /* Extension+Utils.swift */ = {isa = PBXFileReference; lastKnownFileType = sourcecode.swift; path = "Extension+Utils.swift"; sourceTree = "<group>"; };
		EEFDF5E52B8AAD37000E7001 /* ConversacionesViewModel.swift */ = {isa = PBXFileReference; lastKnownFileType = sourcecode.swift; path = ConversacionesViewModel.swift; sourceTree = "<group>"; };
		EEFDF5E72B8AB35C000E7001 /* MessageTableViewCell.swift */ = {isa = PBXFileReference; lastKnownFileType = sourcecode.swift; path = MessageTableViewCell.swift; sourceTree = "<group>"; };
		EEFDF5E82B8AB35C000E7001 /* MessageTableViewCell.xib */ = {isa = PBXFileReference; lastKnownFileType = file.xib; path = MessageTableViewCell.xib; sourceTree = "<group>"; };
		EEFDF5EC2B8ABFD6000E7001 /* ConversationViewController.swift */ = {isa = PBXFileReference; lastKnownFileType = sourcecode.swift; path = ConversationViewController.swift; sourceTree = "<group>"; };
		EEFDF5EE2B8AD19E000E7001 /* UserDetailViewModel.swift */ = {isa = PBXFileReference; lastKnownFileType = sourcecode.swift; path = UserDetailViewModel.swift; sourceTree = "<group>"; };
/* End PBXFileReference section */

/* Begin PBXFrameworksBuildPhase section */
		EED507692B8A408E00FF9718 /* Frameworks */ = {
			isa = PBXFrameworksBuildPhase;
			buildActionMask = 2147483647;
			files = (
				EE420BA02B8CF9C8002F077B /* FirebaseMessaging in Frameworks */,
				EE420B2C2B8CF805002F077B /* FirebaseFunctions in Frameworks */,
				EE420BA22B8CF9C8002F077B /* FirebasePerformance in Frameworks */,
				EE420B122B8CF805002F077B /* FirebaseAnalyticsSwift in Frameworks */,
				EE420B442B8CF9B1002F077B /* FirebaseAnalytics in Frameworks */,
				EE420B582B8CF9B1002F077B /* FirebaseDatabaseSwift in Frameworks */,
				EE420B8C2B8CF9C8002F077B /* FirebaseDynamicLinks in Frameworks */,
				EE420B7A2B8CF9C8002F077B /* FirebaseAnalyticsSwift in Frameworks */,
				EED507F82B8A508F00FF9718 /* FirebaseDatabase in Frameworks */,
				EE420B8A2B8CF9C8002F077B /* FirebaseDatabaseSwift in Frameworks */,
				EE420BA42B8CF9C8002F077B /* FirebaseRemoteConfig in Frameworks */,
				EE420B602B8CF9B1002F077B /* FirebaseFirestoreSwift in Frameworks */,
				EE420B762B8CF9C8002F077B /* FirebaseAnalytics in Frameworks */,
				EE420B6C2B8CF9B1002F077B /* FirebaseMLModelDownloader in Frameworks */,
				EE420B102B8CF805002F077B /* FirebaseAnalyticsOnDeviceConversion in Frameworks */,
				EED507FE2B8A508F00FF9718 /* FirebaseFirestore in Frameworks */,
				EE420B1C2B8CF805002F077B /* FirebaseAuthCombine-Community in Frameworks */,
				EE420B2A2B8CF805002F077B /* FirebaseFirestoreSwift in Frameworks */,
				EE420B382B8CF805002F077B /* FirebaseMessaging in Frameworks */,
				EE420B702B8CF9B1002F077B /* FirebaseRemoteConfigSwift in Frameworks */,
				EE420B482B8CF9B1002F077B /* FirebaseAnalyticsSwift in Frameworks */,
				EE420B7E2B8CF9C8002F077B /* FirebaseAppCheck in Frameworks */,
				EE420B282B8CF805002F077B /* FirebaseFirestoreCombine-Community in Frameworks */,
				EED507852B8A41DF00FF9718 /* FirebaseAuth in Frameworks */,
				EE420B882B8CF9C8002F077B /* FirebaseDatabase in Frameworks */,
				EE420B502B8CF9B1002F077B /* FirebaseAuth in Frameworks */,
				EE420B6E2B8CF9B1002F077B /* FirebaseMessaging in Frameworks */,
				EE420B222B8CF805002F077B /* FirebaseDatabaseSwift in Frameworks */,
				EE420B942B8CF9C8002F077B /* FirebaseFunctions in Frameworks */,
				EED507872B8A41DF00FF9718 /* FirebaseFirestore in Frameworks */,
				EED507EA2B8A508F00FF9718 /* FirebaseAnalytics in Frameworks */,
				EE420B9A2B8CF9C8002F077B /* FirebaseInAppMessagingSwift-Beta in Frameworks */,
				EE420B1A2B8CF805002F077B /* FirebaseAuth in Frameworks */,
				EE420B3A2B8CF805002F077B /* FirebasePerformance in Frameworks */,
				EE420B7C2B8CF9C8002F077B /* FirebaseAnalyticsWithoutAdIdSupport in Frameworks */,
				EE420BA82B8CF9C8002F077B /* FirebaseStorage in Frameworks */,
				EED508022B8A508F00FF9718 /* FirebaseFirestoreSwift in Frameworks */,
				EE420B202B8CF805002F077B /* FirebaseDatabase in Frameworks */,
				EE420B3E2B8CF805002F077B /* FirebaseRemoteConfigSwift in Frameworks */,
				EE420B362B8CF805002F077B /* FirebaseMLModelDownloader in Frameworks */,
				EE420B962B8CF9C8002F077B /* FirebaseFunctionsCombine-Community in Frameworks */,
				EE420B162B8CF805002F077B /* FirebaseAppCheck in Frameworks */,
				EE420BA62B8CF9C8002F077B /* FirebaseRemoteConfigSwift in Frameworks */,
				EE420B262B8CF805002F077B /* FirebaseFirestore in Frameworks */,
				EE420B862B8CF9C8002F077B /* FirebaseCrashlytics in Frameworks */,
				EE420B982B8CF9C8002F077B /* FirebaseInAppMessaging-Beta in Frameworks */,
				EE420B4E2B8CF9B1002F077B /* FirebaseAppDistribution-Beta in Frameworks */,
				EE420B302B8CF805002F077B /* FirebaseInAppMessaging-Beta in Frameworks */,
				EE420B562B8CF9B1002F077B /* FirebaseDatabase in Frameworks */,
				EE420B422B8CF805002F077B /* FirebaseStorageCombine-Community in Frameworks */,
				EE420B322B8CF805002F077B /* FirebaseInAppMessagingSwift-Beta in Frameworks */,
				EED507EC2B8A508F00FF9718 /* FirebaseAnalyticsOnDeviceConversion in Frameworks */,
				EE420B822B8CF9C8002F077B /* FirebaseAuth in Frameworks */,
				EE420B242B8CF805002F077B /* FirebaseDynamicLinks in Frameworks */,
				EE420B6A2B8CF9B1002F077B /* FirebaseInstallations in Frameworks */,
				EE420B542B8CF9B1002F077B /* FirebaseCrashlytics in Frameworks */,
				EE420B9E2B8CF9C8002F077B /* FirebaseMLModelDownloader in Frameworks */,
				EED507EE2B8A508F00FF9718 /* FirebaseAnalyticsSwift in Frameworks */,
				EE420B782B8CF9C8002F077B /* FirebaseAnalyticsOnDeviceConversion in Frameworks */,
				EED507F22B8A508F00FF9718 /* FirebaseAuth in Frameworks */,
				EED507F62B8A508F00FF9718 /* FirebaseCrashlytics in Frameworks */,
				EE420B722B8CF9B1002F077B /* FirebaseStorage in Frameworks */,
				EE420BAA2B8CF9C8002F077B /* FirebaseStorageCombine-Community in Frameworks */,
				EE420B142B8CF805002F077B /* FirebaseAnalyticsWithoutAdIdSupport in Frameworks */,
				EE420B8E2B8CF9C8002F077B /* FirebaseFirestore in Frameworks */,
				EE420B642B8CF9B1002F077B /* FirebaseFunctionsCombine-Community in Frameworks */,
				EE420B2E2B8CF805002F077B /* FirebaseFunctionsCombine-Community in Frameworks */,
				EE420B182B8CF805002F077B /* FirebaseAppDistribution-Beta in Frameworks */,
				EE420B902B8CF9C8002F077B /* FirebaseFirestoreCombine-Community in Frameworks */,
				EE420B742B8CF9B1002F077B /* FirebaseStorageCombine-Community in Frameworks */,
				EE420B0E2B8CF805002F077B /* FirebaseAnalytics in Frameworks */,
				EE420B622B8CF9B1002F077B /* FirebaseFunctions in Frameworks */,
				EED507FA2B8A508F00FF9718 /* FirebaseDatabaseSwift in Frameworks */,
				EE420B5E2B8CF9B1002F077B /* FirebaseFirestoreCombine-Community in Frameworks */,
				EE420B682B8CF9B1002F077B /* FirebaseInAppMessagingSwift-Beta in Frameworks */,
				EE420B5A2B8CF9B1002F077B /* FirebaseDynamicLinks in Frameworks */,
				EE420B9C2B8CF9C8002F077B /* FirebaseInstallations in Frameworks */,
				EE420B922B8CF9C8002F077B /* FirebaseFirestoreSwift in Frameworks */,
				EE420B4C2B8CF9B1002F077B /* FirebaseAppCheck in Frameworks */,
				EE420B522B8CF9B1002F077B /* FirebaseAuthCombine-Community in Frameworks */,
				EE420B462B8CF9B1002F077B /* FirebaseAnalyticsOnDeviceConversion in Frameworks */,
				EE420B342B8CF805002F077B /* FirebaseInstallations in Frameworks */,
				EE420B402B8CF805002F077B /* FirebaseStorage in Frameworks */,
				EE420B842B8CF9C8002F077B /* FirebaseAuthCombine-Community in Frameworks */,
				EE420B4A2B8CF9B1002F077B /* FirebaseAnalyticsWithoutAdIdSupport in Frameworks */,
				EED507F02B8A508F00FF9718 /* FirebaseAppDistribution-Beta in Frameworks */,
				EED507F42B8A508F00FF9718 /* FirebaseAuthCombine-Community in Frameworks */,
				EE420B1E2B8CF805002F077B /* FirebaseCrashlytics in Frameworks */,
				EE420B3C2B8CF805002F077B /* FirebaseRemoteConfig in Frameworks */,
				EED507FC2B8A508F00FF9718 /* FirebaseDynamicLinks in Frameworks */,
				EE420B5C2B8CF9B1002F077B /* FirebaseFirestore in Frameworks */,
				EED508002B8A508F00FF9718 /* FirebaseFirestoreCombine-Community in Frameworks */,
				EE420B662B8CF9B1002F077B /* FirebaseInAppMessaging-Beta in Frameworks */,
				EE420B802B8CF9C8002F077B /* FirebaseAppDistribution-Beta in Frameworks */,
				744EE6267189C2C70DE2C15C /* Pods_Prueba_Tecnica_iOS.framework in Frameworks */,
			);
			runOnlyForDeploymentPostprocessing = 0;
		};
/* End PBXFrameworksBuildPhase section */

/* Begin PBXGroup section */
		C8BEAAC4629DD85C67B3890A /* Frameworks */ = {
			isa = PBXGroup;
			children = (
				8A5BF647110B181D7C8E211B /* Pods_Prueba_Tecnica_iOS.framework */,
			);
			name = Frameworks;
			sourceTree = "<group>";
		};
		C9C302DBF65F396BAE90C5B5 /* Pods */ = {
			isa = PBXGroup;
			children = (
				43E8A90931A0A143746232A7 /* Pods-Prueba Tecnica iOS.debug.xcconfig */,
				8934A9F25816A00A7EEB24B9 /* Pods-Prueba Tecnica iOS.release.xcconfig */,
			);
			path = Pods;
			sourceTree = "<group>";
		};
		EED507632B8A408E00FF9718 = {
			isa = PBXGroup;
			children = (
				EED5076E2B8A408E00FF9718 /* Prueba Tecnica iOS */,
				EED5076D2B8A408E00FF9718 /* Products */,
				C9C302DBF65F396BAE90C5B5 /* Pods */,
				C8BEAAC4629DD85C67B3890A /* Frameworks */,
			);
			sourceTree = "<group>";
		};
		EED5076D2B8A408E00FF9718 /* Products */ = {
			isa = PBXGroup;
			children = (
				EED5076C2B8A408E00FF9718 /* Prueba Tecnica iOS.app */,
			);
			name = Products;
			sourceTree = "<group>";
		};
		EED5076E2B8A408E00FF9718 /* Prueba Tecnica iOS */ = {
			isa = PBXGroup;
			children = (
				EED5076F2B8A408E00FF9718 /* AppDelegate.swift */,
				EED507712B8A408E00FF9718 /* SceneDelegate.swift */,
				EED5077A2B8A409100FF9718 /* LaunchScreen.storyboard */,
				EED507752B8A408E00FF9718 /* Main.storyboard */,
				EED508032B8A515D00FF9718 /* InitAppViewController.swift */,
				EED507782B8A409100FF9718 /* Assets.xcassets */,
				EED5077D2B8A409100FF9718 /* Info.plist */,
				EED507E72B8A4FC800FF9718 /* GoogleService-Info.plist */,
				EED507882B8A42BB00FF9718 /* Model */,
				EED507D02B8A47C500FF9718 /* View */,
				EED507D12B8A47CC00FF9718 /* Controller */,
				EED507D92B8A4CCE00FF9718 /* Utils */,
				EED507D82B8A4CBC00FF9718 /* ViewModel */,
			);
			path = "Prueba Tecnica iOS";
			sourceTree = "<group>";
		};
		EED507882B8A42BB00FF9718 /* Model */ = {
			isa = PBXGroup;
			children = (
				EED507D22B8A48DB00FF9718 /* User.swift */,
				EED507D42B8A492800FF9718 /* Message.swift */,
				EE041C212B8A6913002549C0 /* FirebaseErrors.swift */,
			);
			path = Model;
			sourceTree = "<group>";
		};
		EED507D02B8A47C500FF9718 /* View */ = {
			isa = PBXGroup;
			children = (
				EEFDF5EB2B8ABD48000E7001 /* Components */,
				EED507DB2B8A4DAE00FF9718 /* LoginViewController.swift */,
				EED507DD2B8A4DBE00FF9718 /* RegisterViewController.swift */,
				EE041C1F2B8A6164002549C0 /* HomeViewController.swift */,
				EED507E52B8A4E1500FF9718 /* ProfileViewController.swift */,
				EEFDF5EC2B8ABFD6000E7001 /* ConversationViewController.swift */,
			);
			path = View;
			sourceTree = "<group>";
		};
		EED507D12B8A47CC00FF9718 /* Controller */ = {
			isa = PBXGroup;
			children = (
				EED508052B8A5D2E00FF9718 /* FirebaseManager.swift */,
				EEFDF5DF2B8A9369000E7001 /* CoreDataManager.swift */,
				EEFDF5E52B8AAD37000E7001 /* ConversacionesViewModel.swift */,
				EEFDF5EE2B8AD19E000E7001 /* UserDetailViewModel.swift */,
			);
			path = Controller;
			sourceTree = "<group>";
		};
		EED507D82B8A4CBC00FF9718 /* ViewModel */ = {
			isa = PBXGroup;
			children = (
			);
			path = ViewModel;
			sourceTree = "<group>";
		};
		EED507D92B8A4CCE00FF9718 /* Utils */ = {
			isa = PBXGroup;
			children = (
				EEFDF5E12B8A955F000E7001 /* Extension+Utils.swift */,
			);
			path = Utils;
			sourceTree = "<group>";
		};
		EEFDF5EB2B8ABD48000E7001 /* Components */ = {
			isa = PBXGroup;
			children = (
				EEFDF5E82B8AB35C000E7001 /* MessageTableViewCell.xib */,
				EEFDF5E72B8AB35C000E7001 /* MessageTableViewCell.swift */,
			);
			path = Components;
			sourceTree = "<group>";
		};
/* End PBXGroup section */

/* Begin PBXNativeTarget section */
		EED5076B2B8A408E00FF9718 /* Prueba Tecnica iOS */ = {
			isa = PBXNativeTarget;
			buildConfigurationList = EED507802B8A409100FF9718 /* Build configuration list for PBXNativeTarget "Prueba Tecnica iOS" */;
			buildPhases = (
				8E4AD8EE94D2797F436307B3 /* [CP] Check Pods Manifest.lock */,
				EED507682B8A408E00FF9718 /* Sources */,
				EED507692B8A408E00FF9718 /* Frameworks */,
				EED5076A2B8A408E00FF9718 /* Resources */,
				643C2D0B65518C3EBE6663B4 /* [CP] Embed Pods Frameworks */,
			);
			buildRules = (
			);
			dependencies = (
			);
			name = "Prueba Tecnica iOS";
			packageProductDependencies = (
				EED507842B8A41DF00FF9718 /* FirebaseAuth */,
				EED507862B8A41DF00FF9718 /* FirebaseFirestore */,
				EED507E92B8A508F00FF9718 /* FirebaseAnalytics */,
				EED507EB2B8A508F00FF9718 /* FirebaseAnalyticsOnDeviceConversion */,
				EED507ED2B8A508F00FF9718 /* FirebaseAnalyticsSwift */,
				EED507EF2B8A508F00FF9718 /* FirebaseAppDistribution-Beta */,
				EED507F12B8A508F00FF9718 /* FirebaseAuth */,
				EED507F32B8A508F00FF9718 /* FirebaseAuthCombine-Community */,
				EED507F52B8A508F00FF9718 /* FirebaseCrashlytics */,
				EED507F72B8A508F00FF9718 /* FirebaseDatabase */,
				EED507F92B8A508F00FF9718 /* FirebaseDatabaseSwift */,
				EED507FB2B8A508F00FF9718 /* FirebaseDynamicLinks */,
				EED507FD2B8A508F00FF9718 /* FirebaseFirestore */,
				EED507FF2B8A508F00FF9718 /* FirebaseFirestoreCombine-Community */,
				EED508012B8A508F00FF9718 /* FirebaseFirestoreSwift */,
				EE420B0D2B8CF805002F077B /* FirebaseAnalytics */,
				EE420B0F2B8CF805002F077B /* FirebaseAnalyticsOnDeviceConversion */,
				EE420B112B8CF805002F077B /* FirebaseAnalyticsSwift */,
				EE420B132B8CF805002F077B /* FirebaseAnalyticsWithoutAdIdSupport */,
				EE420B152B8CF805002F077B /* FirebaseAppCheck */,
				EE420B172B8CF805002F077B /* FirebaseAppDistribution-Beta */,
				EE420B192B8CF805002F077B /* FirebaseAuth */,
				EE420B1B2B8CF805002F077B /* FirebaseAuthCombine-Community */,
				EE420B1D2B8CF805002F077B /* FirebaseCrashlytics */,
				EE420B1F2B8CF805002F077B /* FirebaseDatabase */,
				EE420B212B8CF805002F077B /* FirebaseDatabaseSwift */,
				EE420B232B8CF805002F077B /* FirebaseDynamicLinks */,
				EE420B252B8CF805002F077B /* FirebaseFirestore */,
				EE420B272B8CF805002F077B /* FirebaseFirestoreCombine-Community */,
				EE420B292B8CF805002F077B /* FirebaseFirestoreSwift */,
				EE420B2B2B8CF805002F077B /* FirebaseFunctions */,
				EE420B2D2B8CF805002F077B /* FirebaseFunctionsCombine-Community */,
				EE420B2F2B8CF805002F077B /* FirebaseInAppMessaging-Beta */,
				EE420B312B8CF805002F077B /* FirebaseInAppMessagingSwift-Beta */,
				EE420B332B8CF805002F077B /* FirebaseInstallations */,
				EE420B352B8CF805002F077B /* FirebaseMLModelDownloader */,
				EE420B372B8CF805002F077B /* FirebaseMessaging */,
				EE420B392B8CF805002F077B /* FirebasePerformance */,
				EE420B3B2B8CF805002F077B /* FirebaseRemoteConfig */,
				EE420B3D2B8CF805002F077B /* FirebaseRemoteConfigSwift */,
				EE420B3F2B8CF805002F077B /* FirebaseStorage */,
				EE420B412B8CF805002F077B /* FirebaseStorageCombine-Community */,
				EE420B432B8CF9B1002F077B /* FirebaseAnalytics */,
				EE420B452B8CF9B1002F077B /* FirebaseAnalyticsOnDeviceConversion */,
				EE420B472B8CF9B1002F077B /* FirebaseAnalyticsSwift */,
				EE420B492B8CF9B1002F077B /* FirebaseAnalyticsWithoutAdIdSupport */,
				EE420B4B2B8CF9B1002F077B /* FirebaseAppCheck */,
				EE420B4D2B8CF9B1002F077B /* FirebaseAppDistribution-Beta */,
				EE420B4F2B8CF9B1002F077B /* FirebaseAuth */,
				EE420B512B8CF9B1002F077B /* FirebaseAuthCombine-Community */,
				EE420B532B8CF9B1002F077B /* FirebaseCrashlytics */,
				EE420B552B8CF9B1002F077B /* FirebaseDatabase */,
				EE420B572B8CF9B1002F077B /* FirebaseDatabaseSwift */,
				EE420B592B8CF9B1002F077B /* FirebaseDynamicLinks */,
				EE420B5B2B8CF9B1002F077B /* FirebaseFirestore */,
				EE420B5D2B8CF9B1002F077B /* FirebaseFirestoreCombine-Community */,
				EE420B5F2B8CF9B1002F077B /* FirebaseFirestoreSwift */,
				EE420B612B8CF9B1002F077B /* FirebaseFunctions */,
				EE420B632B8CF9B1002F077B /* FirebaseFunctionsCombine-Community */,
				EE420B652B8CF9B1002F077B /* FirebaseInAppMessaging-Beta */,
				EE420B672B8CF9B1002F077B /* FirebaseInAppMessagingSwift-Beta */,
				EE420B692B8CF9B1002F077B /* FirebaseInstallations */,
				EE420B6B2B8CF9B1002F077B /* FirebaseMLModelDownloader */,
				EE420B6D2B8CF9B1002F077B /* FirebaseMessaging */,
				EE420B6F2B8CF9B1002F077B /* FirebaseRemoteConfigSwift */,
				EE420B712B8CF9B1002F077B /* FirebaseStorage */,
				EE420B732B8CF9B1002F077B /* FirebaseStorageCombine-Community */,
				EE420B752B8CF9C8002F077B /* FirebaseAnalytics */,
				EE420B772B8CF9C8002F077B /* FirebaseAnalyticsOnDeviceConversion */,
				EE420B792B8CF9C8002F077B /* FirebaseAnalyticsSwift */,
				EE420B7B2B8CF9C8002F077B /* FirebaseAnalyticsWithoutAdIdSupport */,
				EE420B7D2B8CF9C8002F077B /* FirebaseAppCheck */,
				EE420B7F2B8CF9C8002F077B /* FirebaseAppDistribution-Beta */,
				EE420B812B8CF9C8002F077B /* FirebaseAuth */,
				EE420B832B8CF9C8002F077B /* FirebaseAuthCombine-Community */,
				EE420B852B8CF9C8002F077B /* FirebaseCrashlytics */,
				EE420B872B8CF9C8002F077B /* FirebaseDatabase */,
				EE420B892B8CF9C8002F077B /* FirebaseDatabaseSwift */,
				EE420B8B2B8CF9C8002F077B /* FirebaseDynamicLinks */,
				EE420B8D2B8CF9C8002F077B /* FirebaseFirestore */,
				EE420B8F2B8CF9C8002F077B /* FirebaseFirestoreCombine-Community */,
				EE420B912B8CF9C8002F077B /* FirebaseFirestoreSwift */,
				EE420B932B8CF9C8002F077B /* FirebaseFunctions */,
				EE420B952B8CF9C8002F077B /* FirebaseFunctionsCombine-Community */,
				EE420B972B8CF9C8002F077B /* FirebaseInAppMessaging-Beta */,
				EE420B992B8CF9C8002F077B /* FirebaseInAppMessagingSwift-Beta */,
				EE420B9B2B8CF9C8002F077B /* FirebaseInstallations */,
				EE420B9D2B8CF9C8002F077B /* FirebaseMLModelDownloader */,
				EE420B9F2B8CF9C8002F077B /* FirebaseMessaging */,
				EE420BA12B8CF9C8002F077B /* FirebasePerformance */,
				EE420BA32B8CF9C8002F077B /* FirebaseRemoteConfig */,
				EE420BA52B8CF9C8002F077B /* FirebaseRemoteConfigSwift */,
				EE420BA72B8CF9C8002F077B /* FirebaseStorage */,
				EE420BA92B8CF9C8002F077B /* FirebaseStorageCombine-Community */,
			);
			productName = "Prueba Tecnica iOS";
			productReference = EED5076C2B8A408E00FF9718 /* Prueba Tecnica iOS.app */;
			productType = "com.apple.product-type.application";
		};
/* End PBXNativeTarget section */

/* Begin PBXProject section */
		EED507642B8A408E00FF9718 /* Project object */ = {
			isa = PBXProject;
			attributes = {
				BuildIndependentTargetsInParallel = 1;
				LastSwiftUpdateCheck = 1520;
				LastUpgradeCheck = 1520;
				TargetAttributes = {
					EED5076B2B8A408E00FF9718 = {
						CreatedOnToolsVersion = 15.2;
					};
				};
			};
			buildConfigurationList = EED507672B8A408E00FF9718 /* Build configuration list for PBXProject "Prueba Tecnica iOS" */;
			compatibilityVersion = "Xcode 14.0";
			developmentRegion = en;
			hasScannedForEncodings = 0;
			knownRegions = (
				en,
				Base,
			);
			mainGroup = EED507632B8A408E00FF9718;
			packageReferences = (
				EED507832B8A41DF00FF9718 /* XCRemoteSwiftPackageReference "firebase-ios-sdk" */,
			);
			productRefGroup = EED5076D2B8A408E00FF9718 /* Products */;
			projectDirPath = "";
			projectRoot = "";
			targets = (
				EED5076B2B8A408E00FF9718 /* Prueba Tecnica iOS */,
			);
		};
/* End PBXProject section */

/* Begin PBXResourcesBuildPhase section */
		EED5076A2B8A408E00FF9718 /* Resources */ = {
			isa = PBXResourcesBuildPhase;
			buildActionMask = 2147483647;
			files = (
				EED5077C2B8A409100FF9718 /* LaunchScreen.storyboard in Resources */,
				EED507792B8A409100FF9718 /* Assets.xcassets in Resources */,
				EEFDF5EA2B8AB35C000E7001 /* MessageTableViewCell.xib in Resources */,
				EED507E82B8A4FC800FF9718 /* GoogleService-Info.plist in Resources */,
				EED507772B8A408E00FF9718 /* Main.storyboard in Resources */,
			);
			runOnlyForDeploymentPostprocessing = 0;
		};
/* End PBXResourcesBuildPhase section */

/* Begin PBXShellScriptBuildPhase section */
		643C2D0B65518C3EBE6663B4 /* [CP] Embed Pods Frameworks */ = {
			isa = PBXShellScriptBuildPhase;
			buildActionMask = 2147483647;
			files = (
			);
			inputFileListPaths = (
				"${PODS_ROOT}/Target Support Files/Pods-Prueba Tecnica iOS/Pods-Prueba Tecnica iOS-frameworks-${CONFIGURATION}-input-files.xcfilelist",
			);
			name = "[CP] Embed Pods Frameworks";
			outputFileListPaths = (
				"${PODS_ROOT}/Target Support Files/Pods-Prueba Tecnica iOS/Pods-Prueba Tecnica iOS-frameworks-${CONFIGURATION}-output-files.xcfilelist",
			);
			runOnlyForDeploymentPostprocessing = 0;
			shellPath = /bin/sh;
			shellScript = "\"${PODS_ROOT}/Target Support Files/Pods-Prueba Tecnica iOS/Pods-Prueba Tecnica iOS-frameworks.sh\"\n";
			showEnvVarsInLog = 0;
		};
		8E4AD8EE94D2797F436307B3 /* [CP] Check Pods Manifest.lock */ = {
			isa = PBXShellScriptBuildPhase;
			buildActionMask = 2147483647;
			files = (
			);
			inputFileListPaths = (
			);
			inputPaths = (
				"${PODS_PODFILE_DIR_PATH}/Podfile.lock",
				"${PODS_ROOT}/Manifest.lock",
			);
			name = "[CP] Check Pods Manifest.lock";
			outputFileListPaths = (
			);
			outputPaths = (
				"$(DERIVED_FILE_DIR)/Pods-Prueba Tecnica iOS-checkManifestLockResult.txt",
			);
			runOnlyForDeploymentPostprocessing = 0;
			shellPath = /bin/sh;
			shellScript = "diff \"${PODS_PODFILE_DIR_PATH}/Podfile.lock\" \"${PODS_ROOT}/Manifest.lock\" > /dev/null\nif [ $? != 0 ] ; then\n    # print error to STDERR\n    echo \"error: The sandbox is not in sync with the Podfile.lock. Run 'pod install' or update your CocoaPods installation.\" >&2\n    exit 1\nfi\n# This output is used by Xcode 'outputs' to avoid re-running this script phase.\necho \"SUCCESS\" > \"${SCRIPT_OUTPUT_FILE_0}\"\n";
			showEnvVarsInLog = 0;
		};
/* End PBXShellScriptBuildPhase section */

/* Begin PBXSourcesBuildPhase section */
		EED507682B8A408E00FF9718 /* Sources */ = {
			isa = PBXSourcesBuildPhase;
			buildActionMask = 2147483647;
			files = (
				EED507DC2B8A4DAE00FF9718 /* LoginViewController.swift in Sources */,
				EE041C222B8A6913002549C0 /* FirebaseErrors.swift in Sources */,
				EEFDF5ED2B8ABFD6000E7001 /* ConversationViewController.swift in Sources */,
				EED507D52B8A492800FF9718 /* Message.swift in Sources */,
				EED508062B8A5D2E00FF9718 /* FirebaseManager.swift in Sources */,
				EED507DE2B8A4DBE00FF9718 /* RegisterViewController.swift in Sources */,
				EE041C202B8A6164002549C0 /* HomeViewController.swift in Sources */,
				EEFDF5EF2B8AD19E000E7001 /* UserDetailViewModel.swift in Sources */,
				EED507D32B8A48DB00FF9718 /* User.swift in Sources */,
				EED507E62B8A4E1500FF9718 /* ProfileViewController.swift in Sources */,
				EEFDF5E92B8AB35C000E7001 /* MessageTableViewCell.swift in Sources */,
				EED508042B8A515D00FF9718 /* InitAppViewController.swift in Sources */,
				EED507702B8A408E00FF9718 /* AppDelegate.swift in Sources */,
				EEFDF5E62B8AAD37000E7001 /* ConversacionesViewModel.swift in Sources */,
				EEFDF5E02B8A9369000E7001 /* CoreDataManager.swift in Sources */,
				EED507722B8A408E00FF9718 /* SceneDelegate.swift in Sources */,
				EEFDF5E22B8A955F000E7001 /* Extension+Utils.swift in Sources */,
			);
			runOnlyForDeploymentPostprocessing = 0;
		};
/* End PBXSourcesBuildPhase section */

/* Begin PBXVariantGroup section */
		EED507752B8A408E00FF9718 /* Main.storyboard */ = {
			isa = PBXVariantGroup;
			children = (
				EED507762B8A408E00FF9718 /* Base */,
			);
			name = Main.storyboard;
			sourceTree = "<group>";
		};
		EED5077A2B8A409100FF9718 /* LaunchScreen.storyboard */ = {
			isa = PBXVariantGroup;
			children = (
				EED5077B2B8A409100FF9718 /* Base */,
			);
			name = LaunchScreen.storyboard;
			sourceTree = "<group>";
		};
/* End PBXVariantGroup section */

/* Begin XCBuildConfiguration section */
		EED5077E2B8A409100FF9718 /* Debug */ = {
			isa = XCBuildConfiguration;
			buildSettings = {
				ALWAYS_SEARCH_USER_PATHS = NO;
				ASSETCATALOG_COMPILER_GENERATE_SWIFT_ASSET_SYMBOL_EXTENSIONS = YES;
				CLANG_ANALYZER_NONNULL = YES;
				CLANG_ANALYZER_NUMBER_OBJECT_CONVERSION = YES_AGGRESSIVE;
				CLANG_CXX_LANGUAGE_STANDARD = "gnu++20";
				CLANG_ENABLE_MODULES = YES;
				CLANG_ENABLE_OBJC_ARC = YES;
				CLANG_ENABLE_OBJC_WEAK = YES;
				CLANG_WARN_BLOCK_CAPTURE_AUTORELEASING = YES;
				CLANG_WARN_BOOL_CONVERSION = YES;
				CLANG_WARN_COMMA = YES;
				CLANG_WARN_CONSTANT_CONVERSION = YES;
				CLANG_WARN_DEPRECATED_OBJC_IMPLEMENTATIONS = YES;
				CLANG_WARN_DIRECT_OBJC_ISA_USAGE = YES_ERROR;
				CLANG_WARN_DOCUMENTATION_COMMENTS = YES;
				CLANG_WARN_EMPTY_BODY = YES;
				CLANG_WARN_ENUM_CONVERSION = YES;
				CLANG_WARN_INFINITE_RECURSION = YES;
				CLANG_WARN_INT_CONVERSION = YES;
				CLANG_WARN_NON_LITERAL_NULL_CONVERSION = YES;
				CLANG_WARN_OBJC_IMPLICIT_RETAIN_SELF = YES;
				CLANG_WARN_OBJC_LITERAL_CONVERSION = YES;
				CLANG_WARN_OBJC_ROOT_CLASS = YES_ERROR;
				CLANG_WARN_QUOTED_INCLUDE_IN_FRAMEWORK_HEADER = YES;
				CLANG_WARN_RANGE_LOOP_ANALYSIS = YES;
				CLANG_WARN_STRICT_PROTOTYPES = YES;
				CLANG_WARN_SUSPICIOUS_MOVE = YES;
				CLANG_WARN_UNGUARDED_AVAILABILITY = YES_AGGRESSIVE;
				CLANG_WARN_UNREACHABLE_CODE = YES;
				CLANG_WARN__DUPLICATE_METHOD_MATCH = YES;
				COPY_PHASE_STRIP = NO;
				DEBUG_INFORMATION_FORMAT = dwarf;
				ENABLE_STRICT_OBJC_MSGSEND = YES;
				ENABLE_TESTABILITY = YES;
				ENABLE_USER_SCRIPT_SANDBOXING = YES;
				GCC_C_LANGUAGE_STANDARD = gnu17;
				GCC_DYNAMIC_NO_PIC = NO;
				GCC_NO_COMMON_BLOCKS = YES;
				GCC_OPTIMIZATION_LEVEL = 0;
				GCC_PREPROCESSOR_DEFINITIONS = (
					"DEBUG=1",
					"$(inherited)",
				);
				GCC_WARN_64_TO_32_BIT_CONVERSION = YES;
				GCC_WARN_ABOUT_RETURN_TYPE = YES_ERROR;
				GCC_WARN_UNDECLARED_SELECTOR = YES;
				GCC_WARN_UNINITIALIZED_AUTOS = YES_AGGRESSIVE;
				GCC_WARN_UNUSED_FUNCTION = YES;
				GCC_WARN_UNUSED_VARIABLE = YES;
				IPHONEOS_DEPLOYMENT_TARGET = 17.2;
				LOCALIZATION_PREFERS_STRING_CATALOGS = YES;
				MTL_ENABLE_DEBUG_INFO = INCLUDE_SOURCE;
				MTL_FAST_MATH = YES;
				ONLY_ACTIVE_ARCH = YES;
				SDKROOT = iphoneos;
				SWIFT_ACTIVE_COMPILATION_CONDITIONS = "DEBUG $(inherited)";
				SWIFT_OPTIMIZATION_LEVEL = "-Onone";
			};
			name = Debug;
		};
		EED5077F2B8A409100FF9718 /* Release */ = {
			isa = XCBuildConfiguration;
			buildSettings = {
				ALWAYS_SEARCH_USER_PATHS = NO;
				ASSETCATALOG_COMPILER_GENERATE_SWIFT_ASSET_SYMBOL_EXTENSIONS = YES;
				CLANG_ANALYZER_NONNULL = YES;
				CLANG_ANALYZER_NUMBER_OBJECT_CONVERSION = YES_AGGRESSIVE;
				CLANG_CXX_LANGUAGE_STANDARD = "gnu++20";
				CLANG_ENABLE_MODULES = YES;
				CLANG_ENABLE_OBJC_ARC = YES;
				CLANG_ENABLE_OBJC_WEAK = YES;
				CLANG_WARN_BLOCK_CAPTURE_AUTORELEASING = YES;
				CLANG_WARN_BOOL_CONVERSION = YES;
				CLANG_WARN_COMMA = YES;
				CLANG_WARN_CONSTANT_CONVERSION = YES;
				CLANG_WARN_DEPRECATED_OBJC_IMPLEMENTATIONS = YES;
				CLANG_WARN_DIRECT_OBJC_ISA_USAGE = YES_ERROR;
				CLANG_WARN_DOCUMENTATION_COMMENTS = YES;
				CLANG_WARN_EMPTY_BODY = YES;
				CLANG_WARN_ENUM_CONVERSION = YES;
				CLANG_WARN_INFINITE_RECURSION = YES;
				CLANG_WARN_INT_CONVERSION = YES;
				CLANG_WARN_NON_LITERAL_NULL_CONVERSION = YES;
				CLANG_WARN_OBJC_IMPLICIT_RETAIN_SELF = YES;
				CLANG_WARN_OBJC_LITERAL_CONVERSION = YES;
				CLANG_WARN_OBJC_ROOT_CLASS = YES_ERROR;
				CLANG_WARN_QUOTED_INCLUDE_IN_FRAMEWORK_HEADER = YES;
				CLANG_WARN_RANGE_LOOP_ANALYSIS = YES;
				CLANG_WARN_STRICT_PROTOTYPES = YES;
				CLANG_WARN_SUSPICIOUS_MOVE = YES;
				CLANG_WARN_UNGUARDED_AVAILABILITY = YES_AGGRESSIVE;
				CLANG_WARN_UNREACHABLE_CODE = YES;
				CLANG_WARN__DUPLICATE_METHOD_MATCH = YES;
				COPY_PHASE_STRIP = NO;
				DEBUG_INFORMATION_FORMAT = "dwarf-with-dsym";
				ENABLE_NS_ASSERTIONS = NO;
				ENABLE_STRICT_OBJC_MSGSEND = YES;
				ENABLE_USER_SCRIPT_SANDBOXING = YES;
				GCC_C_LANGUAGE_STANDARD = gnu17;
				GCC_NO_COMMON_BLOCKS = YES;
				GCC_WARN_64_TO_32_BIT_CONVERSION = YES;
				GCC_WARN_ABOUT_RETURN_TYPE = YES_ERROR;
				GCC_WARN_UNDECLARED_SELECTOR = YES;
				GCC_WARN_UNINITIALIZED_AUTOS = YES_AGGRESSIVE;
				GCC_WARN_UNUSED_FUNCTION = YES;
				GCC_WARN_UNUSED_VARIABLE = YES;
				IPHONEOS_DEPLOYMENT_TARGET = 17.2;
				LOCALIZATION_PREFERS_STRING_CATALOGS = YES;
				MTL_ENABLE_DEBUG_INFO = NO;
				MTL_FAST_MATH = YES;
				SDKROOT = iphoneos;
				SWIFT_COMPILATION_MODE = wholemodule;
				VALIDATE_PRODUCT = YES;
			};
			name = Release;
		};
		EED507812B8A409100FF9718 /* Debug */ = {
			isa = XCBuildConfiguration;
			baseConfigurationReference = 43E8A90931A0A143746232A7 /* Pods-Prueba Tecnica iOS.debug.xcconfig */;
			buildSettings = {
				ASSETCATALOG_COMPILER_APPICON_NAME = AppIcon;
				ASSETCATALOG_COMPILER_GLOBAL_ACCENT_COLOR_NAME = AccentColor;
				CODE_SIGN_STYLE = Automatic;
				CURRENT_PROJECT_VERSION = 1;
				DEVELOPMENT_TEAM = P78ENF28B6;
				ENABLE_USER_SCRIPT_SANDBOXING = NO;
				GENERATE_INFOPLIST_FILE = YES;
				INFOPLIST_FILE = "Prueba Tecnica iOS/Info.plist";
				INFOPLIST_KEY_UIApplicationSupportsIndirectInputEvents = YES;
				INFOPLIST_KEY_UILaunchStoryboardName = LaunchScreen;
				INFOPLIST_KEY_UIMainStoryboardFile = Main;
				INFOPLIST_KEY_UISupportedInterfaceOrientations = UIInterfaceOrientationPortrait;
				INFOPLIST_KEY_UISupportedInterfaceOrientations_iPad = "UIInterfaceOrientationLandscapeLeft UIInterfaceOrientationLandscapeRight UIInterfaceOrientationPortrait UIInterfaceOrientationPortraitUpsideDown";
				IPHONEOS_DEPLOYMENT_TARGET = 13.0;
				LD_RUNPATH_SEARCH_PATHS = (
					"$(inherited)",
					"@executable_path/Frameworks",
				);
				MARKETING_VERSION = 1.0;
				PRODUCT_BUNDLE_IDENTIFIER = "com.exi.Prueba-Tecnica-iOS";
				PRODUCT_NAME = "$(TARGET_NAME)";
				SUPPORTED_PLATFORMS = "iphoneos iphonesimulator";
				SUPPORTS_MACCATALYST = NO;
				SUPPORTS_MAC_DESIGNED_FOR_IPHONE_IPAD = NO;
				SUPPORTS_XR_DESIGNED_FOR_IPHONE_IPAD = NO;
				SWIFT_EMIT_LOC_STRINGS = YES;
				SWIFT_VERSION = 5.0;
				TARGETED_DEVICE_FAMILY = 1;
			};
			name = Debug;
		};
		EED507822B8A409100FF9718 /* Release */ = {
			isa = XCBuildConfiguration;
			baseConfigurationReference = 8934A9F25816A00A7EEB24B9 /* Pods-Prueba Tecnica iOS.release.xcconfig */;
			buildSettings = {
				ASSETCATALOG_COMPILER_APPICON_NAME = AppIcon;
				ASSETCATALOG_COMPILER_GLOBAL_ACCENT_COLOR_NAME = AccentColor;
				CODE_SIGN_STYLE = Automatic;
				CURRENT_PROJECT_VERSION = 1;
				DEVELOPMENT_TEAM = P78ENF28B6;
				ENABLE_USER_SCRIPT_SANDBOXING = NO;
				GENERATE_INFOPLIST_FILE = YES;
				INFOPLIST_FILE = "Prueba Tecnica iOS/Info.plist";
				INFOPLIST_KEY_UIApplicationSupportsIndirectInputEvents = YES;
				INFOPLIST_KEY_UILaunchStoryboardName = LaunchScreen;
				INFOPLIST_KEY_UIMainStoryboardFile = Main;
				INFOPLIST_KEY_UISupportedInterfaceOrientations = UIInterfaceOrientationPortrait;
				INFOPLIST_KEY_UISupportedInterfaceOrientations_iPad = "UIInterfaceOrientationLandscapeLeft UIInterfaceOrientationLandscapeRight UIInterfaceOrientationPortrait UIInterfaceOrientationPortraitUpsideDown";
				IPHONEOS_DEPLOYMENT_TARGET = 13.0;
				LD_RUNPATH_SEARCH_PATHS = (
					"$(inherited)",
					"@executable_path/Frameworks",
				);
				MARKETING_VERSION = 1.0;
				PRODUCT_BUNDLE_IDENTIFIER = "com.exi.Prueba-Tecnica-iOS";
				PRODUCT_NAME = "$(TARGET_NAME)";
				SUPPORTED_PLATFORMS = "iphoneos iphonesimulator";
				SUPPORTS_MACCATALYST = NO;
				SUPPORTS_MAC_DESIGNED_FOR_IPHONE_IPAD = NO;
				SUPPORTS_XR_DESIGNED_FOR_IPHONE_IPAD = NO;
				SWIFT_EMIT_LOC_STRINGS = YES;
				SWIFT_VERSION = 5.0;
				TARGETED_DEVICE_FAMILY = 1;
			};
			name = Release;
		};
/* End XCBuildConfiguration section */

/* Begin XCConfigurationList section */
		EED507672B8A408E00FF9718 /* Build configuration list for PBXProject "Prueba Tecnica iOS" */ = {
			isa = XCConfigurationList;
			buildConfigurations = (
				EED5077E2B8A409100FF9718 /* Debug */,
				EED5077F2B8A409100FF9718 /* Release */,
			);
			defaultConfigurationIsVisible = 0;
			defaultConfigurationName = Release;
		};
		EED507802B8A409100FF9718 /* Build configuration list for PBXNativeTarget "Prueba Tecnica iOS" */ = {
			isa = XCConfigurationList;
			buildConfigurations = (
				EED507812B8A409100FF9718 /* Debug */,
				EED507822B8A409100FF9718 /* Release */,
			);
			defaultConfigurationIsVisible = 0;
			defaultConfigurationName = Release;
		};
/* End XCConfigurationList section */

/* Begin XCRemoteSwiftPackageReference section */
		EED507832B8A41DF00FF9718 /* XCRemoteSwiftPackageReference "firebase-ios-sdk" */ = {
			isa = XCRemoteSwiftPackageReference;
			repositoryURL = "https://github.com/firebase/firebase-ios-sdk";
			requirement = {
				kind = upToNextMajorVersion;
				minimumVersion = 10.21.0;
			};
		};
/* End XCRemoteSwiftPackageReference section */

/* Begin XCSwiftPackageProductDependency section */
		EE420B0D2B8CF805002F077B /* FirebaseAnalytics */ = {
			isa = XCSwiftPackageProductDependency;
			package = EED507832B8A41DF00FF9718 /* XCRemoteSwiftPackageReference "firebase-ios-sdk" */;
			productName = FirebaseAnalytics;
		};
		EE420B0F2B8CF805002F077B /* FirebaseAnalyticsOnDeviceConversion */ = {
			isa = XCSwiftPackageProductDependency;
			package = EED507832B8A41DF00FF9718 /* XCRemoteSwiftPackageReference "firebase-ios-sdk" */;
			productName = FirebaseAnalyticsOnDeviceConversion;
		};
		EE420B112B8CF805002F077B /* FirebaseAnalyticsSwift */ = {
			isa = XCSwiftPackageProductDependency;
			package = EED507832B8A41DF00FF9718 /* XCRemoteSwiftPackageReference "firebase-ios-sdk" */;
			productName = FirebaseAnalyticsSwift;
		};
		EE420B132B8CF805002F077B /* FirebaseAnalyticsWithoutAdIdSupport */ = {
			isa = XCSwiftPackageProductDependency;
			package = EED507832B8A41DF00FF9718 /* XCRemoteSwiftPackageReference "firebase-ios-sdk" */;
			productName = FirebaseAnalyticsWithoutAdIdSupport;
		};
		EE420B152B8CF805002F077B /* FirebaseAppCheck */ = {
			isa = XCSwiftPackageProductDependency;
			package = EED507832B8A41DF00FF9718 /* XCRemoteSwiftPackageReference "firebase-ios-sdk" */;
			productName = FirebaseAppCheck;
		};
		EE420B172B8CF805002F077B /* FirebaseAppDistribution-Beta */ = {
			isa = XCSwiftPackageProductDependency;
			package = EED507832B8A41DF00FF9718 /* XCRemoteSwiftPackageReference "firebase-ios-sdk" */;
			productName = "FirebaseAppDistribution-Beta";
		};
		EE420B192B8CF805002F077B /* FirebaseAuth */ = {
			isa = XCSwiftPackageProductDependency;
			package = EED507832B8A41DF00FF9718 /* XCRemoteSwiftPackageReference "firebase-ios-sdk" */;
			productName = FirebaseAuth;
		};
		EE420B1B2B8CF805002F077B /* FirebaseAuthCombine-Community */ = {
			isa = XCSwiftPackageProductDependency;
			package = EED507832B8A41DF00FF9718 /* XCRemoteSwiftPackageReference "firebase-ios-sdk" */;
			productName = "FirebaseAuthCombine-Community";
		};
		EE420B1D2B8CF805002F077B /* FirebaseCrashlytics */ = {
			isa = XCSwiftPackageProductDependency;
			package = EED507832B8A41DF00FF9718 /* XCRemoteSwiftPackageReference "firebase-ios-sdk" */;
			productName = FirebaseCrashlytics;
		};
		EE420B1F2B8CF805002F077B /* FirebaseDatabase */ = {
			isa = XCSwiftPackageProductDependency;
			package = EED507832B8A41DF00FF9718 /* XCRemoteSwiftPackageReference "firebase-ios-sdk" */;
			productName = FirebaseDatabase;
		};
		EE420B212B8CF805002F077B /* FirebaseDatabaseSwift */ = {
			isa = XCSwiftPackageProductDependency;
			package = EED507832B8A41DF00FF9718 /* XCRemoteSwiftPackageReference "firebase-ios-sdk" */;
			productName = FirebaseDatabaseSwift;
		};
		EE420B232B8CF805002F077B /* FirebaseDynamicLinks */ = {
			isa = XCSwiftPackageProductDependency;
			package = EED507832B8A41DF00FF9718 /* XCRemoteSwiftPackageReference "firebase-ios-sdk" */;
			productName = FirebaseDynamicLinks;
		};
		EE420B252B8CF805002F077B /* FirebaseFirestore */ = {
			isa = XCSwiftPackageProductDependency;
			package = EED507832B8A41DF00FF9718 /* XCRemoteSwiftPackageReference "firebase-ios-sdk" */;
			productName = FirebaseFirestore;
		};
		EE420B272B8CF805002F077B /* FirebaseFirestoreCombine-Community */ = {
			isa = XCSwiftPackageProductDependency;
			package = EED507832B8A41DF00FF9718 /* XCRemoteSwiftPackageReference "firebase-ios-sdk" */;
			productName = "FirebaseFirestoreCombine-Community";
		};
		EE420B292B8CF805002F077B /* FirebaseFirestoreSwift */ = {
			isa = XCSwiftPackageProductDependency;
			package = EED507832B8A41DF00FF9718 /* XCRemoteSwiftPackageReference "firebase-ios-sdk" */;
			productName = FirebaseFirestoreSwift;
		};
		EE420B2B2B8CF805002F077B /* FirebaseFunctions */ = {
			isa = XCSwiftPackageProductDependency;
			package = EED507832B8A41DF00FF9718 /* XCRemoteSwiftPackageReference "firebase-ios-sdk" */;
			productName = FirebaseFunctions;
		};
		EE420B2D2B8CF805002F077B /* FirebaseFunctionsCombine-Community */ = {
			isa = XCSwiftPackageProductDependency;
			package = EED507832B8A41DF00FF9718 /* XCRemoteSwiftPackageReference "firebase-ios-sdk" */;
			productName = "FirebaseFunctionsCombine-Community";
		};
		EE420B2F2B8CF805002F077B /* FirebaseInAppMessaging-Beta */ = {
			isa = XCSwiftPackageProductDependency;
			package = EED507832B8A41DF00FF9718 /* XCRemoteSwiftPackageReference "firebase-ios-sdk" */;
			productName = "FirebaseInAppMessaging-Beta";
		};
		EE420B312B8CF805002F077B /* FirebaseInAppMessagingSwift-Beta */ = {
			isa = XCSwiftPackageProductDependency;
			package = EED507832B8A41DF00FF9718 /* XCRemoteSwiftPackageReference "firebase-ios-sdk" */;
			productName = "FirebaseInAppMessagingSwift-Beta";
		};
		EE420B332B8CF805002F077B /* FirebaseInstallations */ = {
			isa = XCSwiftPackageProductDependency;
			package = EED507832B8A41DF00FF9718 /* XCRemoteSwiftPackageReference "firebase-ios-sdk" */;
			productName = FirebaseInstallations;
		};
		EE420B352B8CF805002F077B /* FirebaseMLModelDownloader */ = {
			isa = XCSwiftPackageProductDependency;
			package = EED507832B8A41DF00FF9718 /* XCRemoteSwiftPackageReference "firebase-ios-sdk" */;
			productName = FirebaseMLModelDownloader;
		};
		EE420B372B8CF805002F077B /* FirebaseMessaging */ = {
			isa = XCSwiftPackageProductDependency;
			package = EED507832B8A41DF00FF9718 /* XCRemoteSwiftPackageReference "firebase-ios-sdk" */;
			productName = FirebaseMessaging;
		};
		EE420B392B8CF805002F077B /* FirebasePerformance */ = {
			isa = XCSwiftPackageProductDependency;
			package = EED507832B8A41DF00FF9718 /* XCRemoteSwiftPackageReference "firebase-ios-sdk" */;
			productName = FirebasePerformance;
		};
		EE420B3B2B8CF805002F077B /* FirebaseRemoteConfig */ = {
			isa = XCSwiftPackageProductDependency;
			package = EED507832B8A41DF00FF9718 /* XCRemoteSwiftPackageReference "firebase-ios-sdk" */;
			productName = FirebaseRemoteConfig;
		};
		EE420B3D2B8CF805002F077B /* FirebaseRemoteConfigSwift */ = {
			isa = XCSwiftPackageProductDependency;
			package = EED507832B8A41DF00FF9718 /* XCRemoteSwiftPackageReference "firebase-ios-sdk" */;
			productName = FirebaseRemoteConfigSwift;
		};
		EE420B3F2B8CF805002F077B /* FirebaseStorage */ = {
			isa = XCSwiftPackageProductDependency;
			package = EED507832B8A41DF00FF9718 /* XCRemoteSwiftPackageReference "firebase-ios-sdk" */;
			productName = FirebaseStorage;
		};
		EE420B412B8CF805002F077B /* FirebaseStorageCombine-Community */ = {
			isa = XCSwiftPackageProductDependency;
			package = EED507832B8A41DF00FF9718 /* XCRemoteSwiftPackageReference "firebase-ios-sdk" */;
			productName = "FirebaseStorageCombine-Community";
		};
		EE420B432B8CF9B1002F077B /* FirebaseAnalytics */ = {
			isa = XCSwiftPackageProductDependency;
			package = EED507832B8A41DF00FF9718 /* XCRemoteSwiftPackageReference "firebase-ios-sdk" */;
			productName = FirebaseAnalytics;
		};
		EE420B452B8CF9B1002F077B /* FirebaseAnalyticsOnDeviceConversion */ = {
			isa = XCSwiftPackageProductDependency;
			package = EED507832B8A41DF00FF9718 /* XCRemoteSwiftPackageReference "firebase-ios-sdk" */;
			productName = FirebaseAnalyticsOnDeviceConversion;
		};
		EE420B472B8CF9B1002F077B /* FirebaseAnalyticsSwift */ = {
			isa = XCSwiftPackageProductDependency;
			package = EED507832B8A41DF00FF9718 /* XCRemoteSwiftPackageReference "firebase-ios-sdk" */;
			productName = FirebaseAnalyticsSwift;
		};
		EE420B492B8CF9B1002F077B /* FirebaseAnalyticsWithoutAdIdSupport */ = {
			isa = XCSwiftPackageProductDependency;
			package = EED507832B8A41DF00FF9718 /* XCRemoteSwiftPackageReference "firebase-ios-sdk" */;
			productName = FirebaseAnalyticsWithoutAdIdSupport;
		};
		EE420B4B2B8CF9B1002F077B /* FirebaseAppCheck */ = {
			isa = XCSwiftPackageProductDependency;
			package = EED507832B8A41DF00FF9718 /* XCRemoteSwiftPackageReference "firebase-ios-sdk" */;
			productName = FirebaseAppCheck;
		};
		EE420B4D2B8CF9B1002F077B /* FirebaseAppDistribution-Beta */ = {
			isa = XCSwiftPackageProductDependency;
			package = EED507832B8A41DF00FF9718 /* XCRemoteSwiftPackageReference "firebase-ios-sdk" */;
			productName = "FirebaseAppDistribution-Beta";
		};
		EE420B4F2B8CF9B1002F077B /* FirebaseAuth */ = {
			isa = XCSwiftPackageProductDependency;
			package = EED507832B8A41DF00FF9718 /* XCRemoteSwiftPackageReference "firebase-ios-sdk" */;
			productName = FirebaseAuth;
		};
		EE420B512B8CF9B1002F077B /* FirebaseAuthCombine-Community */ = {
			isa = XCSwiftPackageProductDependency;
			package = EED507832B8A41DF00FF9718 /* XCRemoteSwiftPackageReference "firebase-ios-sdk" */;
			productName = "FirebaseAuthCombine-Community";
		};
		EE420B532B8CF9B1002F077B /* FirebaseCrashlytics */ = {
			isa = XCSwiftPackageProductDependency;
			package = EED507832B8A41DF00FF9718 /* XCRemoteSwiftPackageReference "firebase-ios-sdk" */;
			productName = FirebaseCrashlytics;
		};
		EE420B552B8CF9B1002F077B /* FirebaseDatabase */ = {
			isa = XCSwiftPackageProductDependency;
			package = EED507832B8A41DF00FF9718 /* XCRemoteSwiftPackageReference "firebase-ios-sdk" */;
			productName = FirebaseDatabase;
		};
		EE420B572B8CF9B1002F077B /* FirebaseDatabaseSwift */ = {
			isa = XCSwiftPackageProductDependency;
			package = EED507832B8A41DF00FF9718 /* XCRemoteSwiftPackageReference "firebase-ios-sdk" */;
			productName = FirebaseDatabaseSwift;
		};
		EE420B592B8CF9B1002F077B /* FirebaseDynamicLinks */ = {
			isa = XCSwiftPackageProductDependency;
			package = EED507832B8A41DF00FF9718 /* XCRemoteSwiftPackageReference "firebase-ios-sdk" */;
			productName = FirebaseDynamicLinks;
		};
		EE420B5B2B8CF9B1002F077B /* FirebaseFirestore */ = {
			isa = XCSwiftPackageProductDependency;
			package = EED507832B8A41DF00FF9718 /* XCRemoteSwiftPackageReference "firebase-ios-sdk" */;
			productName = FirebaseFirestore;
		};
		EE420B5D2B8CF9B1002F077B /* FirebaseFirestoreCombine-Community */ = {
			isa = XCSwiftPackageProductDependency;
			package = EED507832B8A41DF00FF9718 /* XCRemoteSwiftPackageReference "firebase-ios-sdk" */;
			productName = "FirebaseFirestoreCombine-Community";
		};
		EE420B5F2B8CF9B1002F077B /* FirebaseFirestoreSwift */ = {
			isa = XCSwiftPackageProductDependency;
			package = EED507832B8A41DF00FF9718 /* XCRemoteSwiftPackageReference "firebase-ios-sdk" */;
			productName = FirebaseFirestoreSwift;
		};
		EE420B612B8CF9B1002F077B /* FirebaseFunctions */ = {
			isa = XCSwiftPackageProductDependency;
			package = EED507832B8A41DF00FF9718 /* XCRemoteSwiftPackageReference "firebase-ios-sdk" */;
			productName = FirebaseFunctions;
		};
		EE420B632B8CF9B1002F077B /* FirebaseFunctionsCombine-Community */ = {
			isa = XCSwiftPackageProductDependency;
			package = EED507832B8A41DF00FF9718 /* XCRemoteSwiftPackageReference "firebase-ios-sdk" */;
			productName = "FirebaseFunctionsCombine-Community";
		};
		EE420B652B8CF9B1002F077B /* FirebaseInAppMessaging-Beta */ = {
			isa = XCSwiftPackageProductDependency;
			package = EED507832B8A41DF00FF9718 /* XCRemoteSwiftPackageReference "firebase-ios-sdk" */;
			productName = "FirebaseInAppMessaging-Beta";
		};
		EE420B672B8CF9B1002F077B /* FirebaseInAppMessagingSwift-Beta */ = {
			isa = XCSwiftPackageProductDependency;
			package = EED507832B8A41DF00FF9718 /* XCRemoteSwiftPackageReference "firebase-ios-sdk" */;
			productName = "FirebaseInAppMessagingSwift-Beta";
		};
		EE420B692B8CF9B1002F077B /* FirebaseInstallations */ = {
			isa = XCSwiftPackageProductDependency;
			package = EED507832B8A41DF00FF9718 /* XCRemoteSwiftPackageReference "firebase-ios-sdk" */;
			productName = FirebaseInstallations;
		};
		EE420B6B2B8CF9B1002F077B /* FirebaseMLModelDownloader */ = {
			isa = XCSwiftPackageProductDependency;
			package = EED507832B8A41DF00FF9718 /* XCRemoteSwiftPackageReference "firebase-ios-sdk" */;
			productName = FirebaseMLModelDownloader;
		};
		EE420B6D2B8CF9B1002F077B /* FirebaseMessaging */ = {
			isa = XCSwiftPackageProductDependency;
			package = EED507832B8A41DF00FF9718 /* XCRemoteSwiftPackageReference "firebase-ios-sdk" */;
			productName = FirebaseMessaging;
		};
		EE420B6F2B8CF9B1002F077B /* FirebaseRemoteConfigSwift */ = {
			isa = XCSwiftPackageProductDependency;
			package = EED507832B8A41DF00FF9718 /* XCRemoteSwiftPackageReference "firebase-ios-sdk" */;
			productName = FirebaseRemoteConfigSwift;
		};
		EE420B712B8CF9B1002F077B /* FirebaseStorage */ = {
			isa = XCSwiftPackageProductDependency;
			package = EED507832B8A41DF00FF9718 /* XCRemoteSwiftPackageReference "firebase-ios-sdk" */;
			productName = FirebaseStorage;
		};
		EE420B732B8CF9B1002F077B /* FirebaseStorageCombine-Community */ = {
			isa = XCSwiftPackageProductDependency;
			package = EED507832B8A41DF00FF9718 /* XCRemoteSwiftPackageReference "firebase-ios-sdk" */;
			productName = "FirebaseStorageCombine-Community";
		};
		EE420B752B8CF9C8002F077B /* FirebaseAnalytics */ = {
			isa = XCSwiftPackageProductDependency;
			package = EED507832B8A41DF00FF9718 /* XCRemoteSwiftPackageReference "firebase-ios-sdk" */;
			productName = FirebaseAnalytics;
		};
		EE420B772B8CF9C8002F077B /* FirebaseAnalyticsOnDeviceConversion */ = {
			isa = XCSwiftPackageProductDependency;
			package = EED507832B8A41DF00FF9718 /* XCRemoteSwiftPackageReference "firebase-ios-sdk" */;
			productName = FirebaseAnalyticsOnDeviceConversion;
		};
		EE420B792B8CF9C8002F077B /* FirebaseAnalyticsSwift */ = {
			isa = XCSwiftPackageProductDependency;
			package = EED507832B8A41DF00FF9718 /* XCRemoteSwiftPackageReference "firebase-ios-sdk" */;
			productName = FirebaseAnalyticsSwift;
		};
		EE420B7B2B8CF9C8002F077B /* FirebaseAnalyticsWithoutAdIdSupport */ = {
			isa = XCSwiftPackageProductDependency;
			package = EED507832B8A41DF00FF9718 /* XCRemoteSwiftPackageReference "firebase-ios-sdk" */;
			productName = FirebaseAnalyticsWithoutAdIdSupport;
		};
		EE420B7D2B8CF9C8002F077B /* FirebaseAppCheck */ = {
			isa = XCSwiftPackageProductDependency;
			package = EED507832B8A41DF00FF9718 /* XCRemoteSwiftPackageReference "firebase-ios-sdk" */;
			productName = FirebaseAppCheck;
		};
		EE420B7F2B8CF9C8002F077B /* FirebaseAppDistribution-Beta */ = {
			isa = XCSwiftPackageProductDependency;
			package = EED507832B8A41DF00FF9718 /* XCRemoteSwiftPackageReference "firebase-ios-sdk" */;
			productName = "FirebaseAppDistribution-Beta";
		};
		EE420B812B8CF9C8002F077B /* FirebaseAuth */ = {
			isa = XCSwiftPackageProductDependency;
			package = EED507832B8A41DF00FF9718 /* XCRemoteSwiftPackageReference "firebase-ios-sdk" */;
			productName = FirebaseAuth;
		};
		EE420B832B8CF9C8002F077B /* FirebaseAuthCombine-Community */ = {
			isa = XCSwiftPackageProductDependency;
			package = EED507832B8A41DF00FF9718 /* XCRemoteSwiftPackageReference "firebase-ios-sdk" */;
			productName = "FirebaseAuthCombine-Community";
		};
		EE420B852B8CF9C8002F077B /* FirebaseCrashlytics */ = {
			isa = XCSwiftPackageProductDependency;
			package = EED507832B8A41DF00FF9718 /* XCRemoteSwiftPackageReference "firebase-ios-sdk" */;
			productName = FirebaseCrashlytics;
		};
		EE420B872B8CF9C8002F077B /* FirebaseDatabase */ = {
			isa = XCSwiftPackageProductDependency;
			package = EED507832B8A41DF00FF9718 /* XCRemoteSwiftPackageReference "firebase-ios-sdk" */;
			productName = FirebaseDatabase;
		};
		EE420B892B8CF9C8002F077B /* FirebaseDatabaseSwift */ = {
			isa = XCSwiftPackageProductDependency;
			package = EED507832B8A41DF00FF9718 /* XCRemoteSwiftPackageReference "firebase-ios-sdk" */;
			productName = FirebaseDatabaseSwift;
		};
		EE420B8B2B8CF9C8002F077B /* FirebaseDynamicLinks */ = {
			isa = XCSwiftPackageProductDependency;
			package = EED507832B8A41DF00FF9718 /* XCRemoteSwiftPackageReference "firebase-ios-sdk" */;
			productName = FirebaseDynamicLinks;
		};
		EE420B8D2B8CF9C8002F077B /* FirebaseFirestore */ = {
			isa = XCSwiftPackageProductDependency;
			package = EED507832B8A41DF00FF9718 /* XCRemoteSwiftPackageReference "firebase-ios-sdk" */;
			productName = FirebaseFirestore;
		};
		EE420B8F2B8CF9C8002F077B /* FirebaseFirestoreCombine-Community */ = {
			isa = XCSwiftPackageProductDependency;
			package = EED507832B8A41DF00FF9718 /* XCRemoteSwiftPackageReference "firebase-ios-sdk" */;
			productName = "FirebaseFirestoreCombine-Community";
		};
		EE420B912B8CF9C8002F077B /* FirebaseFirestoreSwift */ = {
			isa = XCSwiftPackageProductDependency;
			package = EED507832B8A41DF00FF9718 /* XCRemoteSwiftPackageReference "firebase-ios-sdk" */;
			productName = FirebaseFirestoreSwift;
		};
		EE420B932B8CF9C8002F077B /* FirebaseFunctions */ = {
			isa = XCSwiftPackageProductDependency;
			package = EED507832B8A41DF00FF9718 /* XCRemoteSwiftPackageReference "firebase-ios-sdk" */;
			productName = FirebaseFunctions;
		};
		EE420B952B8CF9C8002F077B /* FirebaseFunctionsCombine-Community */ = {
			isa = XCSwiftPackageProductDependency;
			package = EED507832B8A41DF00FF9718 /* XCRemoteSwiftPackageReference "firebase-ios-sdk" */;
			productName = "FirebaseFunctionsCombine-Community";
		};
		EE420B972B8CF9C8002F077B /* FirebaseInAppMessaging-Beta */ = {
			isa = XCSwiftPackageProductDependency;
			package = EED507832B8A41DF00FF9718 /* XCRemoteSwiftPackageReference "firebase-ios-sdk" */;
			productName = "FirebaseInAppMessaging-Beta";
		};
		EE420B992B8CF9C8002F077B /* FirebaseInAppMessagingSwift-Beta */ = {
			isa = XCSwiftPackageProductDependency;
			package = EED507832B8A41DF00FF9718 /* XCRemoteSwiftPackageReference "firebase-ios-sdk" */;
			productName = "FirebaseInAppMessagingSwift-Beta";
		};
		EE420B9B2B8CF9C8002F077B /* FirebaseInstallations */ = {
			isa = XCSwiftPackageProductDependency;
			package = EED507832B8A41DF00FF9718 /* XCRemoteSwiftPackageReference "firebase-ios-sdk" */;
			productName = FirebaseInstallations;
		};
		EE420B9D2B8CF9C8002F077B /* FirebaseMLModelDownloader */ = {
			isa = XCSwiftPackageProductDependency;
			package = EED507832B8A41DF00FF9718 /* XCRemoteSwiftPackageReference "firebase-ios-sdk" */;
			productName = FirebaseMLModelDownloader;
		};
		EE420B9F2B8CF9C8002F077B /* FirebaseMessaging */ = {
			isa = XCSwiftPackageProductDependency;
			package = EED507832B8A41DF00FF9718 /* XCRemoteSwiftPackageReference "firebase-ios-sdk" */;
			productName = FirebaseMessaging;
		};
		EE420BA12B8CF9C8002F077B /* FirebasePerformance */ = {
			isa = XCSwiftPackageProductDependency;
			package = EED507832B8A41DF00FF9718 /* XCRemoteSwiftPackageReference "firebase-ios-sdk" */;
			productName = FirebasePerformance;
		};
		EE420BA32B8CF9C8002F077B /* FirebaseRemoteConfig */ = {
			isa = XCSwiftPackageProductDependency;
			package = EED507832B8A41DF00FF9718 /* XCRemoteSwiftPackageReference "firebase-ios-sdk" */;
			productName = FirebaseRemoteConfig;
		};
		EE420BA52B8CF9C8002F077B /* FirebaseRemoteConfigSwift */ = {
			isa = XCSwiftPackageProductDependency;
			package = EED507832B8A41DF00FF9718 /* XCRemoteSwiftPackageReference "firebase-ios-sdk" */;
			productName = FirebaseRemoteConfigSwift;
		};
		EE420BA72B8CF9C8002F077B /* FirebaseStorage */ = {
			isa = XCSwiftPackageProductDependency;
			package = EED507832B8A41DF00FF9718 /* XCRemoteSwiftPackageReference "firebase-ios-sdk" */;
			productName = FirebaseStorage;
		};
		EE420BA92B8CF9C8002F077B /* FirebaseStorageCombine-Community */ = {
			isa = XCSwiftPackageProductDependency;
			package = EED507832B8A41DF00FF9718 /* XCRemoteSwiftPackageReference "firebase-ios-sdk" */;
			productName = "FirebaseStorageCombine-Community";
		};
		EED507842B8A41DF00FF9718 /* FirebaseAuth */ = {
			isa = XCSwiftPackageProductDependency;
			package = EED507832B8A41DF00FF9718 /* XCRemoteSwiftPackageReference "firebase-ios-sdk" */;
			productName = FirebaseAuth;
		};
		EED507862B8A41DF00FF9718 /* FirebaseFirestore */ = {
			isa = XCSwiftPackageProductDependency;
			package = EED507832B8A41DF00FF9718 /* XCRemoteSwiftPackageReference "firebase-ios-sdk" */;
			productName = FirebaseFirestore;
		};
		EED507E92B8A508F00FF9718 /* FirebaseAnalytics */ = {
			isa = XCSwiftPackageProductDependency;
			package = EED507832B8A41DF00FF9718 /* XCRemoteSwiftPackageReference "firebase-ios-sdk" */;
			productName = FirebaseAnalytics;
		};
		EED507EB2B8A508F00FF9718 /* FirebaseAnalyticsOnDeviceConversion */ = {
			isa = XCSwiftPackageProductDependency;
			package = EED507832B8A41DF00FF9718 /* XCRemoteSwiftPackageReference "firebase-ios-sdk" */;
			productName = FirebaseAnalyticsOnDeviceConversion;
		};
		EED507ED2B8A508F00FF9718 /* FirebaseAnalyticsSwift */ = {
			isa = XCSwiftPackageProductDependency;
			package = EED507832B8A41DF00FF9718 /* XCRemoteSwiftPackageReference "firebase-ios-sdk" */;
			productName = FirebaseAnalyticsSwift;
		};
		EED507EF2B8A508F00FF9718 /* FirebaseAppDistribution-Beta */ = {
			isa = XCSwiftPackageProductDependency;
			package = EED507832B8A41DF00FF9718 /* XCRemoteSwiftPackageReference "firebase-ios-sdk" */;
			productName = "FirebaseAppDistribution-Beta";
		};
		EED507F12B8A508F00FF9718 /* FirebaseAuth */ = {
			isa = XCSwiftPackageProductDependency;
			package = EED507832B8A41DF00FF9718 /* XCRemoteSwiftPackageReference "firebase-ios-sdk" */;
			productName = FirebaseAuth;
		};
		EED507F32B8A508F00FF9718 /* FirebaseAuthCombine-Community */ = {
			isa = XCSwiftPackageProductDependency;
			package = EED507832B8A41DF00FF9718 /* XCRemoteSwiftPackageReference "firebase-ios-sdk" */;
			productName = "FirebaseAuthCombine-Community";
		};
		EED507F52B8A508F00FF9718 /* FirebaseCrashlytics */ = {
			isa = XCSwiftPackageProductDependency;
			package = EED507832B8A41DF00FF9718 /* XCRemoteSwiftPackageReference "firebase-ios-sdk" */;
			productName = FirebaseCrashlytics;
		};
		EED507F72B8A508F00FF9718 /* FirebaseDatabase */ = {
			isa = XCSwiftPackageProductDependency;
			package = EED507832B8A41DF00FF9718 /* XCRemoteSwiftPackageReference "firebase-ios-sdk" */;
			productName = FirebaseDatabase;
		};
		EED507F92B8A508F00FF9718 /* FirebaseDatabaseSwift */ = {
			isa = XCSwiftPackageProductDependency;
			package = EED507832B8A41DF00FF9718 /* XCRemoteSwiftPackageReference "firebase-ios-sdk" */;
			productName = FirebaseDatabaseSwift;
		};
		EED507FB2B8A508F00FF9718 /* FirebaseDynamicLinks */ = {
			isa = XCSwiftPackageProductDependency;
			package = EED507832B8A41DF00FF9718 /* XCRemoteSwiftPackageReference "firebase-ios-sdk" */;
			productName = FirebaseDynamicLinks;
		};
		EED507FD2B8A508F00FF9718 /* FirebaseFirestore */ = {
			isa = XCSwiftPackageProductDependency;
			package = EED507832B8A41DF00FF9718 /* XCRemoteSwiftPackageReference "firebase-ios-sdk" */;
			productName = FirebaseFirestore;
		};
		EED507FF2B8A508F00FF9718 /* FirebaseFirestoreCombine-Community */ = {
			isa = XCSwiftPackageProductDependency;
			package = EED507832B8A41DF00FF9718 /* XCRemoteSwiftPackageReference "firebase-ios-sdk" */;
			productName = "FirebaseFirestoreCombine-Community";
		};
		EED508012B8A508F00FF9718 /* FirebaseFirestoreSwift */ = {
			isa = XCSwiftPackageProductDependency;
			package = EED507832B8A41DF00FF9718 /* XCRemoteSwiftPackageReference "firebase-ios-sdk" */;
			productName = FirebaseFirestoreSwift;
		};
/* End XCSwiftPackageProductDependency section */
	};
	rootObject = EED507642B8A408E00FF9718 /* Project object */;
}
